// !$*UTF8*$!
{
	archiveVersion = 1;
	classes = {
	};
	objectVersion = 46;
	objects = {

/* Begin PBXBuildFile section */
		445046ABB6EB4642B8948DFE /* libPods-IRCClientSpecs.a in Frameworks */ = {isa = PBXBuildFile; fileRef = 02E83F1310CE48ACBD3C16A1 /* libPods-IRCClientSpecs.a */; };
		8905344418C93842006DDA8B /* NSString+ranges.m in Sources */ = {isa = PBXBuildFile; fileRef = 8905344318C93842006DDA8B /* NSString+ranges.m */; };
		8905344518C93842006DDA8B /* NSString+ranges.m in Sources */ = {isa = PBXBuildFile; fileRef = 8905344318C93842006DDA8B /* NSString+ranges.m */; };
		8905344A18C9AEB4006DDA8B /* UIButton+serverButton.m in Sources */ = {isa = PBXBuildFile; fileRef = 8905344918C9AEB4006DDA8B /* UIButton+serverButton.m */; };
		8905344B18C9AEB4006DDA8B /* UIButton+serverButton.m in Sources */ = {isa = PBXBuildFile; fileRef = 8905344918C9AEB4006DDA8B /* UIButton+serverButton.m */; };
		8906F1CB18867BEE00042A13 /* Foundation.framework in Frameworks */ = {isa = PBXBuildFile; fileRef = 8906F1CA18867BEE00042A13 /* Foundation.framework */; };
		8906F1CD18867BEE00042A13 /* CoreGraphics.framework in Frameworks */ = {isa = PBXBuildFile; fileRef = 8906F1CC18867BEE00042A13 /* CoreGraphics.framework */; };
		8906F1CF18867BEE00042A13 /* UIKit.framework in Frameworks */ = {isa = PBXBuildFile; fileRef = 8906F1CE18867BEE00042A13 /* UIKit.framework */; };
		8906F1D518867BEE00042A13 /* InfoPlist.strings in Resources */ = {isa = PBXBuildFile; fileRef = 8906F1D318867BEE00042A13 /* InfoPlist.strings */; };
		8906F1D718867BEE00042A13 /* main.m in Sources */ = {isa = PBXBuildFile; fileRef = 8906F1D618867BEE00042A13 /* main.m */; };
		8906F1DB18867BEE00042A13 /* RBAppDelegate.m in Sources */ = {isa = PBXBuildFile; fileRef = 8906F1DA18867BEE00042A13 /* RBAppDelegate.m */; };
		8906F1DD18867BEE00042A13 /* Images.xcassets in Resources */ = {isa = PBXBuildFile; fileRef = 8906F1DC18867BEE00042A13 /* Images.xcassets */; };
		8906F1E418867BEE00042A13 /* XCTest.framework in Frameworks */ = {isa = PBXBuildFile; fileRef = 8906F1E318867BEE00042A13 /* XCTest.framework */; };
		8906F1E518867BEE00042A13 /* Foundation.framework in Frameworks */ = {isa = PBXBuildFile; fileRef = 8906F1CA18867BEE00042A13 /* Foundation.framework */; };
		8906F1E618867BEE00042A13 /* UIKit.framework in Frameworks */ = {isa = PBXBuildFile; fileRef = 8906F1CE18867BEE00042A13 /* UIKit.framework */; };
		8906F1FB18867DA000042A13 /* RBIRCServer.m in Sources */ = {isa = PBXBuildFile; fileRef = 8906F1FA18867DA000042A13 /* RBIRCServer.m */; };
		8906F1FD18867DC200042A13 /* CFNetwork.framework in Frameworks */ = {isa = PBXBuildFile; fileRef = 8906F1FC18867DC200042A13 /* CFNetwork.framework */; };
		8906F1FF18867F1F00042A13 /* CoreFoundation.framework in Frameworks */ = {isa = PBXBuildFile; fileRef = 8906F1FE18867F1F00042A13 /* CoreFoundation.framework */; };
		8906F2051887562600042A13 /* RBChannelViewController.m in Sources */ = {isa = PBXBuildFile; fileRef = 8906F2041887562600042A13 /* RBChannelViewController.m */; };
		8906F20818878F1100042A13 /* RBIRCChannel.m in Sources */ = {isa = PBXBuildFile; fileRef = 8906F20718878F1100042A13 /* RBIRCChannel.m */; };
		8906F20B18878FAA00042A13 /* RBIRCMessage.m in Sources */ = {isa = PBXBuildFile; fileRef = 8906F20A18878FAA00042A13 /* RBIRCMessage.m */; };
		8906F212188799C000042A13 /* SWRevealViewController.m in Sources */ = {isa = PBXBuildFile; fileRef = 8906F211188799C000042A13 /* SWRevealViewController.m */; };
		8908DBC018B5B3B1004DFBAB /* UIDevice-Hardware.m in Sources */ = {isa = PBXBuildFile; fileRef = 8908DBB718B5B3B1004DFBAB /* UIDevice-Hardware.m */; };
		8908DBC118B5B3B1004DFBAB /* UIDevice-Hardware.m in Sources */ = {isa = PBXBuildFile; fileRef = 8908DBB718B5B3B1004DFBAB /* UIDevice-Hardware.m */; };
		8908DBC418B5B3B1004DFBAB /* UIDevice-Orientation.m in Sources */ = {isa = PBXBuildFile; fileRef = 8908DBBB18B5B3B1004DFBAB /* UIDevice-Orientation.m */; };
		8908DBC518B5B3B1004DFBAB /* UIDevice-Orientation.m in Sources */ = {isa = PBXBuildFile; fileRef = 8908DBBB18B5B3B1004DFBAB /* UIDevice-Orientation.m */; };
		8908DBC618B5B3B1004DFBAB /* UIDevice-Reachability.m in Sources */ = {isa = PBXBuildFile; fileRef = 8908DBBD18B5B3B1004DFBAB /* UIDevice-Reachability.m */; };
		8908DBC718B5B3B1004DFBAB /* UIDevice-Reachability.m in Sources */ = {isa = PBXBuildFile; fileRef = 8908DBBD18B5B3B1004DFBAB /* UIDevice-Reachability.m */; };
		8908DBCB18B5B3E8004DFBAB /* wwanconnect.c in Sources */ = {isa = PBXBuildFile; fileRef = 8908DBC918B5B3E8004DFBAB /* wwanconnect.c */; };
		8908DBCC18B5B3E8004DFBAB /* wwanconnect.c in Sources */ = {isa = PBXBuildFile; fileRef = 8908DBC918B5B3E8004DFBAB /* wwanconnect.c */; };
		8908DC2918B6105F004DFBAB /* RBScript.m in Sources */ = {isa = PBXBuildFile; fileRef = 8908DC2818B6105F004DFBAB /* RBScript.m */; };
		8908DC2A18B6105F004DFBAB /* RBScript.m in Sources */ = {isa = PBXBuildFile; fileRef = 8908DC2818B6105F004DFBAB /* RBScript.m */; };
		8908DC2D18B615EE004DFBAB /* RBScriptingService.m in Sources */ = {isa = PBXBuildFile; fileRef = 8908DC2C18B615EE004DFBAB /* RBScriptingService.m */; };
		8908DC2E18B615EE004DFBAB /* RBScriptingService.m in Sources */ = {isa = PBXBuildFile; fileRef = 8908DC2C18B615EE004DFBAB /* RBScriptingService.m */; };
		8908DC3318B72F08004DFBAB /* RBScriptingServiceSpec.mm in Sources */ = {isa = PBXBuildFile; fileRef = 8908DC3218B72F07004DFBAB /* RBScriptingServiceSpec.mm */; };
		8908DC5F18B88897004DFBAB /* UITableView+Scroll.m in Sources */ = {isa = PBXBuildFile; fileRef = 8908DC5E18B88897004DFBAB /* UITableView+Scroll.m */; };
		8908DC6018B88897004DFBAB /* UITableView+Scroll.m in Sources */ = {isa = PBXBuildFile; fileRef = 8908DC5E18B88897004DFBAB /* UITableView+Scroll.m */; };
		8908DC7B18B8B299004DFBAB /* RBHelpArrayViewController.m in Sources */ = {isa = PBXBuildFile; fileRef = 8908DC7418B8B299004DFBAB /* RBHelpArrayViewController.m */; };
		8908DC7C18B8B299004DFBAB /* RBHelpArrayViewController.m in Sources */ = {isa = PBXBuildFile; fileRef = 8908DC7418B8B299004DFBAB /* RBHelpArrayViewController.m */; };
		8908DC7D18B8B299004DFBAB /* RBHelpTextViewController.m in Sources */ = {isa = PBXBuildFile; fileRef = 8908DC7618B8B299004DFBAB /* RBHelpTextViewController.m */; };
		8908DC7E18B8B299004DFBAB /* RBHelpTextViewController.m in Sources */ = {isa = PBXBuildFile; fileRef = 8908DC7618B8B299004DFBAB /* RBHelpTextViewController.m */; };
		8908DC7F18B8B299004DFBAB /* RBHelpViewController.m in Sources */ = {isa = PBXBuildFile; fileRef = 8908DC7918B8B299004DFBAB /* RBHelpViewController.m */; };
		8908DC8018B8B299004DFBAB /* RBHelpViewController.m in Sources */ = {isa = PBXBuildFile; fileRef = 8908DC7918B8B299004DFBAB /* RBHelpViewController.m */; };
		8908DC8118B8B299004DFBAB /* README.md in Resources */ = {isa = PBXBuildFile; fileRef = 8908DC7A18B8B299004DFBAB /* README.md */; };
		8908DC8218B8B299004DFBAB /* README.md in Resources */ = {isa = PBXBuildFile; fileRef = 8908DC7A18B8B299004DFBAB /* README.md */; };
		891B01E3189650DA00B2D848 /* UIKit.framework in Frameworks */ = {isa = PBXBuildFile; fileRef = 8906F1CE18867BEE00042A13 /* UIKit.framework */; };
		891B01E4189650DA00B2D848 /* Foundation.framework in Frameworks */ = {isa = PBXBuildFile; fileRef = 8906F1CA18867BEE00042A13 /* Foundation.framework */; };
		891B01E5189650DA00B2D848 /* CoreGraphics.framework in Frameworks */ = {isa = PBXBuildFile; fileRef = 8906F1CC18867BEE00042A13 /* CoreGraphics.framework */; };
		891B01EB189650DA00B2D848 /* InfoPlist.strings in Resources */ = {isa = PBXBuildFile; fileRef = 891B01E9189650DA00B2D848 /* InfoPlist.strings */; };
		891B01ED189650DA00B2D848 /* main.m in Sources */ = {isa = PBXBuildFile; fileRef = 891B01EC189650DA00B2D848 /* main.m */; };
		891B01F81896510000B2D848 /* RBIRCMessageSpec.mm in Sources */ = {isa = PBXBuildFile; fileRef = 891B01F71896510000B2D848 /* RBIRCMessageSpec.mm */; };
		891B01F91896546C00B2D848 /* RBAppDelegate.m in Sources */ = {isa = PBXBuildFile; fileRef = 8906F1DA18867BEE00042A13 /* RBAppDelegate.m */; };
		891B01FA1896546C00B2D848 /* RBIRCServer.m in Sources */ = {isa = PBXBuildFile; fileRef = 8906F1FA18867DA000042A13 /* RBIRCServer.m */; };
		891B01FB1896546C00B2D848 /* RBIRCChannel.m in Sources */ = {isa = PBXBuildFile; fileRef = 8906F20718878F1100042A13 /* RBIRCChannel.m */; };
		891B01FC1896546C00B2D848 /* RBIRCMessage.m in Sources */ = {isa = PBXBuildFile; fileRef = 8906F20A18878FAA00042A13 /* RBIRCMessage.m */; };
		891B01FD1896546C00B2D848 /* RBTextFieldServerCell.m in Sources */ = {isa = PBXBuildFile; fileRef = 89C46E46189600A9006068DC /* RBTextFieldServerCell.m */; };
		891B01FE1896546C00B2D848 /* RBServerViewController.m in Sources */ = {isa = PBXBuildFile; fileRef = 896BD17D1895D30100EC91EA /* RBServerViewController.m */; };
		891B01FF1896546C00B2D848 /* RBServerEditorViewController.m in Sources */ = {isa = PBXBuildFile; fileRef = 896BD1811895EDE100EC91EA /* RBServerEditorViewController.m */; };
		891B02001896546C00B2D848 /* RBChannelViewController.m in Sources */ = {isa = PBXBuildFile; fileRef = 8906F2041887562600042A13 /* RBChannelViewController.m */; };
		891B02011896546C00B2D848 /* SWRevealViewController.m in Sources */ = {isa = PBXBuildFile; fileRef = 8906F211188799C000042A13 /* SWRevealViewController.m */; };
		891B02031896D3F400B2D848 /* RBIRCServerSpec.mm in Sources */ = {isa = PBXBuildFile; fileRef = 891B02021896D3F400B2D848 /* RBIRCServerSpec.mm */; };
		891B020A18974A6200B2D848 /* RBChannelViewControllerSpec.mm in Sources */ = {isa = PBXBuildFile; fileRef = 891B020918974A6200B2D848 /* RBChannelViewControllerSpec.mm */; };
		891B020C1897700700B2D848 /* RBServerViewControllerSpec.mm in Sources */ = {isa = PBXBuildFile; fileRef = 891B020B1897700700B2D848 /* RBServerViewControllerSpec.mm */; };
		892D137E194FD2F500671081 /* Model.xcdatamodeld in Sources */ = {isa = PBXBuildFile; fileRef = 892D137C194FD2F500671081 /* Model.xcdatamodeld */; };
		892D137F194FD2F500671081 /* Model.xcdatamodeld in Sources */ = {isa = PBXBuildFile; fileRef = 892D137C194FD2F500671081 /* Model.xcdatamodeld */; };
		892D1382194FD4B000671081 /* Server.m in Sources */ = {isa = PBXBuildFile; fileRef = 892D1381194FD4B000671081 /* Server.m */; };
		892D1383194FD4B000671081 /* Server.m in Sources */ = {isa = PBXBuildFile; fileRef = 892D1381194FD4B000671081 /* Server.m */; };
		892D1386194FD4C100671081 /* Nick.m in Sources */ = {isa = PBXBuildFile; fileRef = 892D1385194FD4C100671081 /* Nick.m */; };
		892D1387194FD4C100671081 /* Nick.m in Sources */ = {isa = PBXBuildFile; fileRef = 892D1385194FD4C100671081 /* Nick.m */; };
		892D138A194FD4F200671081 /* RBDataManager.m in Sources */ = {isa = PBXBuildFile; fileRef = 892D1389194FD4F200671081 /* RBDataManager.m */; };
		892D138B194FD4F200671081 /* RBDataManager.m in Sources */ = {isa = PBXBuildFile; fileRef = 892D1389194FD4F200671081 /* RBDataManager.m */; };
		892D138E195094FB00671081 /* RBNickColorPickerViewController.m in Sources */ = {isa = PBXBuildFile; fileRef = 892D138D195094FB00671081 /* RBNickColorPickerViewController.m */; };
		892D138F195094FB00671081 /* RBNickColorPickerViewController.m in Sources */ = {isa = PBXBuildFile; fileRef = 892D138D195094FB00671081 /* RBNickColorPickerViewController.m */; };
		892D1392195097F000671081 /* RBNickColorCell.m in Sources */ = {isa = PBXBuildFile; fileRef = 892D1391195097F000671081 /* RBNickColorCell.m */; };
		892D1393195097F000671081 /* RBNickColorCell.m in Sources */ = {isa = PBXBuildFile; fileRef = 892D1391195097F000671081 /* RBNickColorCell.m */; };
		892D1396195098FF00671081 /* RSBColorPicker.m in Sources */ = {isa = PBXBuildFile; fileRef = 892D1395195098FF00671081 /* RSBColorPicker.m */; };
		892D1397195098FF00671081 /* RSBColorPicker.m in Sources */ = {isa = PBXBuildFile; fileRef = 892D1395195098FF00671081 /* RSBColorPicker.m */; };
		893C332618C19BAD000279AA /* libPods.a in Frameworks */ = {isa = PBXBuildFile; fileRef = 893C332518C19BAD000279AA /* libPods.a */; };
		895E588719533A32003A56BB /* UINavigationBar+swipeToHide.m in Sources */ = {isa = PBXBuildFile; fileRef = 895E588619533A32003A56BB /* UINavigationBar+swipeToHide.m */; };
		895E588819533A32003A56BB /* UINavigationBar+swipeToHide.m in Sources */ = {isa = PBXBuildFile; fileRef = 895E588619533A32003A56BB /* UINavigationBar+swipeToHide.m */; };
		895E589219567A7C003A56BB /* RBServerCell.m in Sources */ = {isa = PBXBuildFile; fileRef = 895E589119567A7C003A56BB /* RBServerCell.m */; };
		895E589319567A7C003A56BB /* RBServerCell.m in Sources */ = {isa = PBXBuildFile; fileRef = 895E589119567A7C003A56BB /* RBServerCell.m */; };
		896BD17E1895D30100EC91EA /* RBServerViewController.m in Sources */ = {isa = PBXBuildFile; fileRef = 896BD17D1895D30100EC91EA /* RBServerViewController.m */; };
		896BD1821895EDE100EC91EA /* RBServerEditorViewController.m in Sources */ = {isa = PBXBuildFile; fileRef = 896BD1811895EDE100EC91EA /* RBServerEditorViewController.m */; };
		896E474B192CCAB700024FF5 /* NSAttributedString+containsAttributions.m in Sources */ = {isa = PBXBuildFile; fileRef = 896E474A192CCAB700024FF5 /* NSAttributedString+containsAttributions.m */; };
		896E474C192CCAB700024FF5 /* NSAttributedString+containsAttributions.m in Sources */ = {isa = PBXBuildFile; fileRef = 896E474A192CCAB700024FF5 /* NSAttributedString+containsAttributions.m */; };
		896E4751192D7F6700024FF5 /* UIColor+colorWithHexString.m in Sources */ = {isa = PBXBuildFile; fileRef = 896E4750192D7F6700024FF5 /* UIColor+colorWithHexString.m */; };
		896E4752192D7F6700024FF5 /* UIColor+colorWithHexString.m in Sources */ = {isa = PBXBuildFile; fileRef = 896E4750192D7F6700024FF5 /* UIColor+colorWithHexString.m */; };
		896E4755192D831D00024FF5 /* NSString+hexValue.m in Sources */ = {isa = PBXBuildFile; fileRef = 896E4754192D831D00024FF5 /* NSString+hexValue.m */; };
		896E4756192D831D00024FF5 /* NSString+hexValue.m in Sources */ = {isa = PBXBuildFile; fileRef = 896E4754192D831D00024FF5 /* NSString+hexValue.m */; };
		896E475A192F9BD500024FF5 /* NSAttributedString+attributes.m in Sources */ = {isa = PBXBuildFile; fileRef = 896E4759192F9BD500024FF5 /* NSAttributedString+attributes.m */; };
		896E475B192F9BD500024FF5 /* NSAttributedString+attributes.m in Sources */ = {isa = PBXBuildFile; fileRef = 896E4759192F9BD500024FF5 /* NSAttributedString+attributes.m */; };
		898132D218A77818004AEBE9 /* RBIRCChannelSpec.mm in Sources */ = {isa = PBXBuildFile; fileRef = 898132D118A77818004AEBE9 /* RBIRCChannelSpec.mm */; };
		898132D518A787D1004AEBE9 /* RBConfigViewController.m in Sources */ = {isa = PBXBuildFile; fileRef = 898132D418A787D1004AEBE9 /* RBConfigViewController.m */; };
		898132D618A787D1004AEBE9 /* RBConfigViewController.m in Sources */ = {isa = PBXBuildFile; fileRef = 898132D418A787D1004AEBE9 /* RBConfigViewController.m */; };
		898132D918A78980004AEBE9 /* RBConfigViewControllerSpec.mm in Sources */ = {isa = PBXBuildFile; fileRef = 898132D818A78980004AEBE9 /* RBConfigViewControllerSpec.mm */; };
		898132E118A78ABC004AEBE9 /* UIButton+buttonWithFrame.m in Sources */ = {isa = PBXBuildFile; fileRef = 898132E018A78ABC004AEBE9 /* UIButton+buttonWithFrame.m */; };
		898132E218A78ABC004AEBE9 /* UIButton+buttonWithFrame.m in Sources */ = {isa = PBXBuildFile; fileRef = 898132E018A78ABC004AEBE9 /* UIButton+buttonWithFrame.m */; };
		898132E518A78B10004AEBE9 /* NSString+contains.m in Sources */ = {isa = PBXBuildFile; fileRef = 898132E418A78B10004AEBE9 /* NSString+contains.m */; };
		898132E618A78B10004AEBE9 /* NSString+contains.m in Sources */ = {isa = PBXBuildFile; fileRef = 898132E418A78B10004AEBE9 /* NSString+contains.m */; };
		898132E818A86E0C004AEBE9 /* RBAppDelegateSpec.mm in Sources */ = {isa = PBXBuildFile; fileRef = 898132E718A86E0B004AEBE9 /* RBAppDelegateSpec.mm */; };
		898132F218A89085004AEBE9 /* UIActionSheet+allButtonTitles.m in Sources */ = {isa = PBXBuildFile; fileRef = 898132ED18A89085004AEBE9 /* UIActionSheet+allButtonTitles.m */; };
		898132F318A89085004AEBE9 /* UIActionSheet+allButtonTitles.m in Sources */ = {isa = PBXBuildFile; fileRef = 898132ED18A89085004AEBE9 /* UIActionSheet+allButtonTitles.m */; };
		898132F718A99EDF004AEBE9 /* Localizable.strings in Resources */ = {isa = PBXBuildFile; fileRef = 898132F518A99EDF004AEBE9 /* Localizable.strings */; };
		898132F818A99EDF004AEBE9 /* Localizable.strings in Resources */ = {isa = PBXBuildFile; fileRef = 898132F518A99EDF004AEBE9 /* Localizable.strings */; };
		899B2A731898C8AD0008FED3 /* RBServerEditorViewControllerSpec.mm in Sources */ = {isa = PBXBuildFile; fileRef = 899B2A721898C8AD0008FED3 /* RBServerEditorViewControllerSpec.mm */; };
		899B2A9E189913840008FED3 /* NSData+string.m in Sources */ = {isa = PBXBuildFile; fileRef = 899B2A96189913840008FED3 /* NSData+string.m */; };
		899B2A9F189913840008FED3 /* NSData+string.m in Sources */ = {isa = PBXBuildFile; fileRef = 899B2A96189913840008FED3 /* NSData+string.m */; };
		899B2AA0189913840008FED3 /* NSStream+remoteHost.m in Sources */ = {isa = PBXBuildFile; fileRef = 899B2A99189913840008FED3 /* NSStream+remoteHost.m */; };
		899B2AA1189913840008FED3 /* NSStream+remoteHost.m in Sources */ = {isa = PBXBuildFile; fileRef = 899B2A99189913840008FED3 /* NSStream+remoteHost.m */; };
		899B2AA2189913840008FED3 /* NSString+isNilOrEmpty.m in Sources */ = {isa = PBXBuildFile; fileRef = 899B2A9C189913840008FED3 /* NSString+isNilOrEmpty.m */; };
		899B2AA3189913840008FED3 /* NSString+isNilOrEmpty.m in Sources */ = {isa = PBXBuildFile; fileRef = 899B2A9C189913840008FED3 /* NSString+isNilOrEmpty.m */; };
		89B56B9D1932C0570079D259 /* Localizable.stringsdict in Resources */ = {isa = PBXBuildFile; fileRef = 89B56B9B1932C0570079D259 /* Localizable.stringsdict */; };
		89B56B9E1932C0570079D259 /* Localizable.stringsdict in Resources */ = {isa = PBXBuildFile; fileRef = 89B56B9B1932C0570079D259 /* Localizable.stringsdict */; };
		89C46E47189600A9006068DC /* RBTextFieldServerCell.m in Sources */ = {isa = PBXBuildFile; fileRef = 89C46E46189600A9006068DC /* RBTextFieldServerCell.m */; };
		89C46E4A18960C96006068DC /* reveal-icon.png in Resources */ = {isa = PBXBuildFile; fileRef = 89C46E4818960C96006068DC /* reveal-icon.png */; };
		89C46E4B18960C96006068DC /* reveal-icon@2x.png in Resources */ = {isa = PBXBuildFile; fileRef = 89C46E4918960C96006068DC /* reveal-icon@2x.png */; };
		89D4B66518CFFC3600891116 /* RBNameViewController.m in Sources */ = {isa = PBXBuildFile; fileRef = 89D4B66418CFFC3600891116 /* RBNameViewController.m */; };
		89D4B66618CFFC3600891116 /* RBNameViewController.m in Sources */ = {isa = PBXBuildFile; fileRef = 89D4B66418CFFC3600891116 /* RBNameViewController.m */; };
		89D4B66B18CFFDAB00891116 /* RBNameViewControllerSpec.mm in Sources */ = {isa = PBXBuildFile; fileRef = 89D4B66918CFFDAB00891116 /* RBNameViewControllerSpec.mm */; };
		89D4C45C19108EB900E8E4C7 /* RBTextViewCell.m in Sources */ = {isa = PBXBuildFile; fileRef = 89D4C45B19108EB900E8E4C7 /* RBTextViewCell.m */; };
		89D4C45D19108EB900E8E4C7 /* RBTextViewCell.m in Sources */ = {isa = PBXBuildFile; fileRef = 89D4C45B19108EB900E8E4C7 /* RBTextViewCell.m */; };
		89E812B418B8CB7400616600 /* RBScriptHelpers.m in Sources */ = {isa = PBXBuildFile; fileRef = 89E812B318B8CB7400616600 /* RBScriptHelpers.m */; };
		89E812B518B8CB7400616600 /* RBScriptHelpers.m in Sources */ = {isa = PBXBuildFile; fileRef = 89E812B318B8CB7400616600 /* RBScriptHelpers.m */; };
		89E812B818B8E78800616600 /* RBColorScheme.m in Sources */ = {isa = PBXBuildFile; fileRef = 89E812B718B8E78800616600 /* RBColorScheme.m */; };
		89E812B918B8E78800616600 /* RBColorScheme.m in Sources */ = {isa = PBXBuildFile; fileRef = 89E812B718B8E78800616600 /* RBColorScheme.m */; };
		89E812BB18B98A6200616600 /* help.json in Resources */ = {isa = PBXBuildFile; fileRef = 89E812BA18B8EB9400616600 /* help.json */; };
		89E812BC18B98A8000616600 /* help.json in Resources */ = {isa = PBXBuildFile; fileRef = 89E812BA18B8EB9400616600 /* help.json */; };
		89E812C018BA1B6A00616600 /* icon-iPad.png in Resources */ = {isa = PBXBuildFile; fileRef = 89E812BD18BA1B6A00616600 /* icon-iPad.png */; };
		89E812C118BA1B6A00616600 /* icon-iPad.png in Resources */ = {isa = PBXBuildFile; fileRef = 89E812BD18BA1B6A00616600 /* icon-iPad.png */; };
		89E812C218BA1B6A00616600 /* icon-iPad@2x.png in Resources */ = {isa = PBXBuildFile; fileRef = 89E812BE18BA1B6A00616600 /* icon-iPad@2x.png */; };
		89E812C318BA1B6A00616600 /* icon-iPad@2x.png in Resources */ = {isa = PBXBuildFile; fileRef = 89E812BE18BA1B6A00616600 /* icon-iPad@2x.png */; };
		89E812C418BA1B6A00616600 /* icon@2x.png in Resources */ = {isa = PBXBuildFile; fileRef = 89E812BF18BA1B6A00616600 /* icon@2x.png */; };
		89E812C518BA1B6A00616600 /* icon@2x.png in Resources */ = {isa = PBXBuildFile; fileRef = 89E812BF18BA1B6A00616600 /* icon@2x.png */; };
		89E812C718BB367300616600 /* Inconsolata.otf in Resources */ = {isa = PBXBuildFile; fileRef = 89E812C618BB367300616600 /* Inconsolata.otf */; };
		89E812C818BB367300616600 /* Inconsolata.otf in Resources */ = {isa = PBXBuildFile; fileRef = 89E812C618BB367300616600 /* Inconsolata.otf */; };
		89E812CC18BB530900616600 /* UIView+initWithSuperview.m in Sources */ = {isa = PBXBuildFile; fileRef = 89E812CB18BB530900616600 /* UIView+initWithSuperview.m */; };
		89E812CD18BB530900616600 /* UIView+initWithSuperview.m in Sources */ = {isa = PBXBuildFile; fileRef = 89E812CB18BB530900616600 /* UIView+initWithSuperview.m */; };
		89E812D318BCE7CC00616600 /* UIButton+buttonWithTitle.m in Sources */ = {isa = PBXBuildFile; fileRef = 89E812D218BCE7CC00616600 /* UIButton+buttonWithTitle.m */; };
		89E812D418BCE7CC00616600 /* UIButton+buttonWithTitle.m in Sources */ = {isa = PBXBuildFile; fileRef = 89E812D218BCE7CC00616600 /* UIButton+buttonWithTitle.m */; };
		89E812DF18BCF5FE00616600 /* NSObject+customProperty.m in Sources */ = {isa = PBXBuildFile; fileRef = 89E812DE18BCF5FE00616600 /* NSObject+customProperty.m */; };
		89E812E018BCF5FE00616600 /* NSObject+customProperty.m in Sources */ = {isa = PBXBuildFile; fileRef = 89E812DE18BCF5FE00616600 /* NSObject+customProperty.m */; };
/* End PBXBuildFile section */

/* Begin PBXContainerItemProxy section */
		8906F1E718867BEE00042A13 /* PBXContainerItemProxy */ = {
			isa = PBXContainerItemProxy;
			containerPortal = 8906F1BF18867BEE00042A13 /* Project object */;
			proxyType = 1;
			remoteGlobalIDString = 8906F1C618867BEE00042A13;
			remoteInfo = IRCClient;
		};
/* End PBXContainerItemProxy section */

/* Begin PBXFileReference section */
		02E83F1310CE48ACBD3C16A1 /* libPods-IRCClientSpecs.a */ = {isa = PBXFileReference; explicitFileType = archive.ar; includeInIndex = 0; path = "libPods-IRCClientSpecs.a"; sourceTree = BUILT_PRODUCTS_DIR; };
		67B80146231C9EB2F120C548 /* Pods.release.xcconfig */ = {isa = PBXFileReference; includeInIndex = 1; lastKnownFileType = text.xcconfig; name = Pods.release.xcconfig; path = "Pods/Target Support Files/Pods/Pods.release.xcconfig"; sourceTree = "<group>"; };
		760C7BDD99964E4E8C71C3C7 /* libPods.a */ = {isa = PBXFileReference; explicitFileType = archive.ar; includeInIndex = 0; path = libPods.a; sourceTree = BUILT_PRODUCTS_DIR; };
		8905344218C93842006DDA8B /* NSString+ranges.h */ = {isa = PBXFileReference; fileEncoding = 4; lastKnownFileType = sourcecode.c.h; path = "NSString+ranges.h"; sourceTree = "<group>"; };
		8905344318C93842006DDA8B /* NSString+ranges.m */ = {isa = PBXFileReference; fileEncoding = 4; lastKnownFileType = sourcecode.c.objc; path = "NSString+ranges.m"; sourceTree = "<group>"; };
		8905344818C9AEB4006DDA8B /* UIButton+serverButton.h */ = {isa = PBXFileReference; fileEncoding = 4; lastKnownFileType = sourcecode.c.h; path = "UIButton+serverButton.h"; sourceTree = "<group>"; };
		8905344918C9AEB4006DDA8B /* UIButton+serverButton.m */ = {isa = PBXFileReference; fileEncoding = 4; lastKnownFileType = sourcecode.c.objc; path = "UIButton+serverButton.m"; sourceTree = "<group>"; };
		8906F1C718867BEE00042A13 /* rIRC.app */ = {isa = PBXFileReference; explicitFileType = wrapper.application; includeInIndex = 0; path = rIRC.app; sourceTree = BUILT_PRODUCTS_DIR; };
		8906F1CA18867BEE00042A13 /* Foundation.framework */ = {isa = PBXFileReference; lastKnownFileType = wrapper.framework; name = Foundation.framework; path = System/Library/Frameworks/Foundation.framework; sourceTree = SDKROOT; };
		8906F1CC18867BEE00042A13 /* CoreGraphics.framework */ = {isa = PBXFileReference; lastKnownFileType = wrapper.framework; name = CoreGraphics.framework; path = System/Library/Frameworks/CoreGraphics.framework; sourceTree = SDKROOT; };
		8906F1CE18867BEE00042A13 /* UIKit.framework */ = {isa = PBXFileReference; lastKnownFileType = wrapper.framework; name = UIKit.framework; path = System/Library/Frameworks/UIKit.framework; sourceTree = SDKROOT; };
		8906F1D218867BEE00042A13 /* IRCClient-Info.plist */ = {isa = PBXFileReference; lastKnownFileType = text.plist.xml; path = "IRCClient-Info.plist"; sourceTree = "<group>"; };
		8906F1D418867BEE00042A13 /* en */ = {isa = PBXFileReference; lastKnownFileType = text.plist.strings; name = en; path = en.lproj/InfoPlist.strings; sourceTree = "<group>"; };
		8906F1D618867BEE00042A13 /* main.m */ = {isa = PBXFileReference; lastKnownFileType = sourcecode.c.objc; path = main.m; sourceTree = "<group>"; };
		8906F1D818867BEE00042A13 /* IRCClient-Prefix.pch */ = {isa = PBXFileReference; lastKnownFileType = sourcecode.c.h; path = "IRCClient-Prefix.pch"; sourceTree = "<group>"; };
		8906F1D918867BEE00042A13 /* RBAppDelegate.h */ = {isa = PBXFileReference; lastKnownFileType = sourcecode.c.h; path = RBAppDelegate.h; sourceTree = "<group>"; };
		8906F1DA18867BEE00042A13 /* RBAppDelegate.m */ = {isa = PBXFileReference; lastKnownFileType = sourcecode.c.objc; path = RBAppDelegate.m; sourceTree = "<group>"; };
		8906F1DC18867BEE00042A13 /* Images.xcassets */ = {isa = PBXFileReference; lastKnownFileType = folder.assetcatalog; path = Images.xcassets; sourceTree = "<group>"; };
		8906F1E218867BEE00042A13 /* IRCClientTests.xctest */ = {isa = PBXFileReference; explicitFileType = wrapper.cfbundle; includeInIndex = 0; path = IRCClientTests.xctest; sourceTree = BUILT_PRODUCTS_DIR; };
		8906F1E318867BEE00042A13 /* XCTest.framework */ = {isa = PBXFileReference; lastKnownFileType = wrapper.framework; name = XCTest.framework; path = Library/Frameworks/XCTest.framework; sourceTree = DEVELOPER_DIR; };
		8906F1F918867DA000042A13 /* RBIRCServer.h */ = {isa = PBXFileReference; fileEncoding = 4; lastKnownFileType = sourcecode.c.h; path = RBIRCServer.h; sourceTree = "<group>"; };
		8906F1FA18867DA000042A13 /* RBIRCServer.m */ = {isa = PBXFileReference; fileEncoding = 4; lastKnownFileType = sourcecode.c.objc; path = RBIRCServer.m; sourceTree = "<group>"; };
		8906F1FC18867DC200042A13 /* CFNetwork.framework */ = {isa = PBXFileReference; lastKnownFileType = wrapper.framework; name = CFNetwork.framework; path = System/Library/Frameworks/CFNetwork.framework; sourceTree = SDKROOT; };
		8906F1FE18867F1F00042A13 /* CoreFoundation.framework */ = {isa = PBXFileReference; lastKnownFileType = wrapper.framework; name = CoreFoundation.framework; path = System/Library/Frameworks/CoreFoundation.framework; sourceTree = SDKROOT; };
		8906F2031887562600042A13 /* RBChannelViewController.h */ = {isa = PBXFileReference; fileEncoding = 4; lastKnownFileType = sourcecode.c.h; path = RBChannelViewController.h; sourceTree = "<group>"; };
		8906F2041887562600042A13 /* RBChannelViewController.m */ = {isa = PBXFileReference; fileEncoding = 4; lastKnownFileType = sourcecode.c.objc; path = RBChannelViewController.m; sourceTree = "<group>"; };
		8906F20618878F1100042A13 /* RBIRCChannel.h */ = {isa = PBXFileReference; fileEncoding = 4; lastKnownFileType = sourcecode.c.h; path = RBIRCChannel.h; sourceTree = "<group>"; };
		8906F20718878F1100042A13 /* RBIRCChannel.m */ = {isa = PBXFileReference; fileEncoding = 4; lastKnownFileType = sourcecode.c.objc; path = RBIRCChannel.m; sourceTree = "<group>"; };
		8906F20918878FAA00042A13 /* RBIRCMessage.h */ = {isa = PBXFileReference; fileEncoding = 4; lastKnownFileType = sourcecode.c.h; path = RBIRCMessage.h; sourceTree = "<group>"; };
		8906F20A18878FAA00042A13 /* RBIRCMessage.m */ = {isa = PBXFileReference; fileEncoding = 4; lastKnownFileType = sourcecode.c.objc; path = RBIRCMessage.m; sourceTree = "<group>"; };
		8906F210188799C000042A13 /* SWRevealViewController.h */ = {isa = PBXFileReference; fileEncoding = 4; lastKnownFileType = sourcecode.c.h; path = SWRevealViewController.h; sourceTree = "<group>"; };
		8906F211188799C000042A13 /* SWRevealViewController.m */ = {isa = PBXFileReference; fileEncoding = 4; lastKnownFileType = sourcecode.c.objc; path = SWRevealViewController.m; sourceTree = "<group>"; };
		8908DBB618B5B3B1004DFBAB /* UIDevice-Hardware.h */ = {isa = PBXFileReference; fileEncoding = 4; lastKnownFileType = sourcecode.c.h; path = "UIDevice-Hardware.h"; sourceTree = "<group>"; };
		8908DBB718B5B3B1004DFBAB /* UIDevice-Hardware.m */ = {isa = PBXFileReference; fileEncoding = 4; lastKnownFileType = sourcecode.c.objc; path = "UIDevice-Hardware.m"; sourceTree = "<group>"; };
		8908DBBA18B5B3B1004DFBAB /* UIDevice-Orientation.h */ = {isa = PBXFileReference; fileEncoding = 4; lastKnownFileType = sourcecode.c.h; path = "UIDevice-Orientation.h"; sourceTree = "<group>"; };
		8908DBBB18B5B3B1004DFBAB /* UIDevice-Orientation.m */ = {isa = PBXFileReference; fileEncoding = 4; lastKnownFileType = sourcecode.c.objc; path = "UIDevice-Orientation.m"; sourceTree = "<group>"; };
		8908DBBC18B5B3B1004DFBAB /* UIDevice-Reachability.h */ = {isa = PBXFileReference; fileEncoding = 4; lastKnownFileType = sourcecode.c.h; path = "UIDevice-Reachability.h"; sourceTree = "<group>"; };
		8908DBBD18B5B3B1004DFBAB /* UIDevice-Reachability.m */ = {isa = PBXFileReference; fileEncoding = 4; lastKnownFileType = sourcecode.c.objc; path = "UIDevice-Reachability.m"; sourceTree = "<group>"; };
		8908DBC818B5B3CC004DFBAB /* UIDevice+Categories.h */ = {isa = PBXFileReference; lastKnownFileType = sourcecode.c.h; path = "UIDevice+Categories.h"; sourceTree = "<group>"; };
		8908DBC918B5B3E8004DFBAB /* wwanconnect.c */ = {isa = PBXFileReference; fileEncoding = 4; lastKnownFileType = sourcecode.c.c; path = wwanconnect.c; sourceTree = "<group>"; };
		8908DBCA18B5B3E8004DFBAB /* wwanconnect.h */ = {isa = PBXFileReference; fileEncoding = 4; lastKnownFileType = sourcecode.c.h; path = wwanconnect.h; sourceTree = "<group>"; };
		8908DC2718B6105F004DFBAB /* RBScript.h */ = {isa = PBXFileReference; fileEncoding = 4; lastKnownFileType = sourcecode.c.h; path = RBScript.h; sourceTree = "<group>"; };
		8908DC2818B6105F004DFBAB /* RBScript.m */ = {isa = PBXFileReference; fileEncoding = 4; lastKnownFileType = sourcecode.c.objc; path = RBScript.m; sourceTree = "<group>"; };
		8908DC2B18B615EE004DFBAB /* RBScriptingService.h */ = {isa = PBXFileReference; fileEncoding = 4; lastKnownFileType = sourcecode.c.h; path = RBScriptingService.h; sourceTree = "<group>"; };
		8908DC2C18B615EE004DFBAB /* RBScriptingService.m */ = {isa = PBXFileReference; fileEncoding = 4; lastKnownFileType = sourcecode.c.objc; path = RBScriptingService.m; sourceTree = "<group>"; };
		8908DC3218B72F07004DFBAB /* RBScriptingServiceSpec.mm */ = {isa = PBXFileReference; fileEncoding = 4; lastKnownFileType = sourcecode.cpp.objcpp; path = RBScriptingServiceSpec.mm; sourceTree = "<group>"; };
		8908DC5D18B88897004DFBAB /* UITableView+Scroll.h */ = {isa = PBXFileReference; fileEncoding = 4; lastKnownFileType = sourcecode.c.h; name = "UITableView+Scroll.h"; path = "UITableView/UITableView+Scroll.h"; sourceTree = "<group>"; };
		8908DC5E18B88897004DFBAB /* UITableView+Scroll.m */ = {isa = PBXFileReference; fileEncoding = 4; lastKnownFileType = sourcecode.c.objc; name = "UITableView+Scroll.m"; path = "UITableView/UITableView+Scroll.m"; sourceTree = "<group>"; };
		8908DC7218B8B299004DFBAB /* RBHelp.h */ = {isa = PBXFileReference; fileEncoding = 4; lastKnownFileType = sourcecode.c.h; path = RBHelp.h; sourceTree = "<group>"; };
		8908DC7318B8B299004DFBAB /* RBHelpArrayViewController.h */ = {isa = PBXFileReference; fileEncoding = 4; lastKnownFileType = sourcecode.c.h; path = RBHelpArrayViewController.h; sourceTree = "<group>"; };
		8908DC7418B8B299004DFBAB /* RBHelpArrayViewController.m */ = {isa = PBXFileReference; fileEncoding = 4; lastKnownFileType = sourcecode.c.objc; path = RBHelpArrayViewController.m; sourceTree = "<group>"; };
		8908DC7518B8B299004DFBAB /* RBHelpTextViewController.h */ = {isa = PBXFileReference; fileEncoding = 4; lastKnownFileType = sourcecode.c.h; path = RBHelpTextViewController.h; sourceTree = "<group>"; };
		8908DC7618B8B299004DFBAB /* RBHelpTextViewController.m */ = {isa = PBXFileReference; fileEncoding = 4; lastKnownFileType = sourcecode.c.objc; path = RBHelpTextViewController.m; sourceTree = "<group>"; };
		8908DC7718B8B299004DFBAB /* RBHelpTint.h */ = {isa = PBXFileReference; fileEncoding = 4; lastKnownFileType = sourcecode.c.h; path = RBHelpTint.h; sourceTree = "<group>"; };
		8908DC7818B8B299004DFBAB /* RBHelpViewController.h */ = {isa = PBXFileReference; fileEncoding = 4; lastKnownFileType = sourcecode.c.h; path = RBHelpViewController.h; sourceTree = "<group>"; };
		8908DC7918B8B299004DFBAB /* RBHelpViewController.m */ = {isa = PBXFileReference; fileEncoding = 4; lastKnownFileType = sourcecode.c.objc; path = RBHelpViewController.m; sourceTree = "<group>"; };
		8908DC7A18B8B299004DFBAB /* README.md */ = {isa = PBXFileReference; fileEncoding = 4; lastKnownFileType = text; path = README.md; sourceTree = "<group>"; };
		891B01E2189650DA00B2D848 /* IRCClientSpecs.app */ = {isa = PBXFileReference; explicitFileType = wrapper.application; includeInIndex = 0; path = IRCClientSpecs.app; sourceTree = BUILT_PRODUCTS_DIR; };
		891B01E8189650DA00B2D848 /* IRCClientSpecs-Info.plist */ = {isa = PBXFileReference; lastKnownFileType = text.plist.xml; path = "IRCClientSpecs-Info.plist"; sourceTree = "<group>"; };
		891B01EA189650DA00B2D848 /* en */ = {isa = PBXFileReference; lastKnownFileType = text.plist.strings; name = en; path = en.lproj/InfoPlist.strings; sourceTree = "<group>"; };
		891B01EC189650DA00B2D848 /* main.m */ = {isa = PBXFileReference; lastKnownFileType = sourcecode.c.objc; path = main.m; sourceTree = "<group>"; };
		891B01EE189650DA00B2D848 /* IRCClientSpecs-Prefix.pch */ = {isa = PBXFileReference; lastKnownFileType = sourcecode.c.h; path = "IRCClientSpecs-Prefix.pch"; sourceTree = "<group>"; };
		891B01EF189650DA00B2D848 /* Rakefile */ = {isa = PBXFileReference; lastKnownFileType = text; path = Rakefile; sourceTree = "<group>"; };
		891B01F71896510000B2D848 /* RBIRCMessageSpec.mm */ = {isa = PBXFileReference; fileEncoding = 4; lastKnownFileType = sourcecode.cpp.objcpp; path = RBIRCMessageSpec.mm; sourceTree = "<group>"; };
		891B02021896D3F400B2D848 /* RBIRCServerSpec.mm */ = {isa = PBXFileReference; fileEncoding = 4; lastKnownFileType = sourcecode.cpp.objcpp; path = RBIRCServerSpec.mm; sourceTree = "<group>"; };
		891B020918974A6200B2D848 /* RBChannelViewControllerSpec.mm */ = {isa = PBXFileReference; fileEncoding = 4; lastKnownFileType = sourcecode.cpp.objcpp; path = RBChannelViewControllerSpec.mm; sourceTree = "<group>"; };
		891B020B1897700700B2D848 /* RBServerViewControllerSpec.mm */ = {isa = PBXFileReference; fileEncoding = 4; lastKnownFileType = sourcecode.cpp.objcpp; path = RBServerViewControllerSpec.mm; sourceTree = "<group>"; };
		892D137D194FD2F500671081 /* Model.xcdatamodel */ = {isa = PBXFileReference; lastKnownFileType = wrapper.xcdatamodel; path = Model.xcdatamodel; sourceTree = "<group>"; };
		892D1380194FD4B000671081 /* Server.h */ = {isa = PBXFileReference; fileEncoding = 4; lastKnownFileType = sourcecode.c.h; path = Server.h; sourceTree = "<group>"; };
		892D1381194FD4B000671081 /* Server.m */ = {isa = PBXFileReference; fileEncoding = 4; lastKnownFileType = sourcecode.c.objc; path = Server.m; sourceTree = "<group>"; };
		892D1384194FD4C100671081 /* Nick.h */ = {isa = PBXFileReference; fileEncoding = 4; lastKnownFileType = sourcecode.c.h; path = Nick.h; sourceTree = "<group>"; };
		892D1385194FD4C100671081 /* Nick.m */ = {isa = PBXFileReference; fileEncoding = 4; lastKnownFileType = sourcecode.c.objc; path = Nick.m; sourceTree = "<group>"; };
		892D1388194FD4F200671081 /* RBDataManager.h */ = {isa = PBXFileReference; fileEncoding = 4; lastKnownFileType = sourcecode.c.h; path = RBDataManager.h; sourceTree = "<group>"; };
		892D1389194FD4F200671081 /* RBDataManager.m */ = {isa = PBXFileReference; fileEncoding = 4; lastKnownFileType = sourcecode.c.objc; path = RBDataManager.m; sourceTree = "<group>"; };
		892D138C195094FB00671081 /* RBNickColorPickerViewController.h */ = {isa = PBXFileReference; fileEncoding = 4; lastKnownFileType = sourcecode.c.h; path = RBNickColorPickerViewController.h; sourceTree = "<group>"; };
		892D138D195094FB00671081 /* RBNickColorPickerViewController.m */ = {isa = PBXFileReference; fileEncoding = 4; lastKnownFileType = sourcecode.c.objc; path = RBNickColorPickerViewController.m; sourceTree = "<group>"; };
		892D1390195097F000671081 /* RBNickColorCell.h */ = {isa = PBXFileReference; fileEncoding = 4; lastKnownFileType = sourcecode.c.h; path = RBNickColorCell.h; sourceTree = "<group>"; };
		892D1391195097F000671081 /* RBNickColorCell.m */ = {isa = PBXFileReference; fileEncoding = 4; lastKnownFileType = sourcecode.c.objc; path = RBNickColorCell.m; sourceTree = "<group>"; };
		892D1394195098FF00671081 /* RSBColorPicker.h */ = {isa = PBXFileReference; fileEncoding = 4; lastKnownFileType = sourcecode.c.h; path = RSBColorPicker.h; sourceTree = "<group>"; };
		892D1395195098FF00671081 /* RSBColorPicker.m */ = {isa = PBXFileReference; fileEncoding = 4; lastKnownFileType = sourcecode.c.objc; path = RSBColorPicker.m; sourceTree = "<group>"; };
		893C331F18C19879000279AA /* libPods-AFNetworking.a */ = {isa = PBXFileReference; lastKnownFileType = archive.ar; name = "libPods-AFNetworking.a"; path = "Pods/build/Debug-iphoneos/libPods-AFNetworking.a"; sourceTree = "<group>"; };
		893C332518C19BAD000279AA /* libPods.a */ = {isa = PBXFileReference; lastKnownFileType = archive.ar; name = libPods.a; path = "Pods/build/Debug-iphoneos/libPods.a"; sourceTree = "<group>"; };
		895E588519533A32003A56BB /* UINavigationBar+swipeToHide.h */ = {isa = PBXFileReference; fileEncoding = 4; lastKnownFileType = sourcecode.c.h; name = "UINavigationBar+swipeToHide.h"; path = "UINavigationBar/UINavigationBar+swipeToHide.h"; sourceTree = "<group>"; };
		895E588619533A32003A56BB /* UINavigationBar+swipeToHide.m */ = {isa = PBXFileReference; fileEncoding = 4; lastKnownFileType = sourcecode.c.objc; name = "UINavigationBar+swipeToHide.m"; path = "UINavigationBar/UINavigationBar+swipeToHide.m"; sourceTree = "<group>"; };
		895E589019567A7C003A56BB /* RBServerCell.h */ = {isa = PBXFileReference; fileEncoding = 4; lastKnownFileType = sourcecode.c.h; path = RBServerCell.h; sourceTree = "<group>"; };
		895E589119567A7C003A56BB /* RBServerCell.m */ = {isa = PBXFileReference; fileEncoding = 4; lastKnownFileType = sourcecode.c.objc; path = RBServerCell.m; sourceTree = "<group>"; };
		896BD17C1895D30100EC91EA /* RBServerViewController.h */ = {isa = PBXFileReference; fileEncoding = 4; lastKnownFileType = sourcecode.c.h; path = RBServerViewController.h; sourceTree = "<group>"; };
		896BD17D1895D30100EC91EA /* RBServerViewController.m */ = {isa = PBXFileReference; fileEncoding = 4; lastKnownFileType = sourcecode.c.objc; path = RBServerViewController.m; sourceTree = "<group>"; };
		896BD1801895EDE100EC91EA /* RBServerEditorViewController.h */ = {isa = PBXFileReference; fileEncoding = 4; lastKnownFileType = sourcecode.c.h; path = RBServerEditorViewController.h; sourceTree = "<group>"; };
		896BD1811895EDE100EC91EA /* RBServerEditorViewController.m */ = {isa = PBXFileReference; fileEncoding = 4; lastKnownFileType = sourcecode.c.objc; path = RBServerEditorViewController.m; sourceTree = "<group>"; };
		896E4749192CCAB700024FF5 /* NSAttributedString+containsAttributions.h */ = {isa = PBXFileReference; fileEncoding = 4; lastKnownFileType = sourcecode.c.h; name = "NSAttributedString+containsAttributions.h"; path = "NSAttributedString/NSAttributedString+containsAttributions.h"; sourceTree = "<group>"; };
		896E474A192CCAB700024FF5 /* NSAttributedString+containsAttributions.m */ = {isa = PBXFileReference; fileEncoding = 4; lastKnownFileType = sourcecode.c.objc; name = "NSAttributedString+containsAttributions.m"; path = "NSAttributedString/NSAttributedString+containsAttributions.m"; sourceTree = "<group>"; };
		896E474F192D7F6700024FF5 /* UIColor+colorWithHexString.h */ = {isa = PBXFileReference; fileEncoding = 4; lastKnownFileType = sourcecode.c.h; name = "UIColor+colorWithHexString.h"; path = "UIColor/UIColor+colorWithHexString.h"; sourceTree = "<group>"; };
		896E4750192D7F6700024FF5 /* UIColor+colorWithHexString.m */ = {isa = PBXFileReference; fileEncoding = 4; lastKnownFileType = sourcecode.c.objc; name = "UIColor+colorWithHexString.m"; path = "UIColor/UIColor+colorWithHexString.m"; sourceTree = "<group>"; };
		896E4753192D831D00024FF5 /* NSString+hexValue.h */ = {isa = PBXFileReference; fileEncoding = 4; lastKnownFileType = sourcecode.c.h; path = "NSString+hexValue.h"; sourceTree = "<group>"; };
		896E4754192D831D00024FF5 /* NSString+hexValue.m */ = {isa = PBXFileReference; fileEncoding = 4; lastKnownFileType = sourcecode.c.objc; path = "NSString+hexValue.m"; sourceTree = "<group>"; };
		896E4758192F9BD500024FF5 /* NSAttributedString+attributes.h */ = {isa = PBXFileReference; fileEncoding = 4; lastKnownFileType = sourcecode.c.h; path = "NSAttributedString+attributes.h"; sourceTree = "<group>"; };
		896E4759192F9BD500024FF5 /* NSAttributedString+attributes.m */ = {isa = PBXFileReference; fileEncoding = 4; lastKnownFileType = sourcecode.c.objc; path = "NSAttributedString+attributes.m"; sourceTree = "<group>"; };
		898132D018A74F19004AEBE9 /* RBConfigurationKeys.h */ = {isa = PBXFileReference; lastKnownFileType = sourcecode.c.h; path = RBConfigurationKeys.h; sourceTree = "<group>"; };
		898132D118A77818004AEBE9 /* RBIRCChannelSpec.mm */ = {isa = PBXFileReference; fileEncoding = 4; lastKnownFileType = sourcecode.cpp.objcpp; path = RBIRCChannelSpec.mm; sourceTree = "<group>"; };
		898132D318A787D1004AEBE9 /* RBConfigViewController.h */ = {isa = PBXFileReference; fileEncoding = 4; lastKnownFileType = sourcecode.c.h; path = RBConfigViewController.h; sourceTree = "<group>"; };
		898132D418A787D1004AEBE9 /* RBConfigViewController.m */ = {isa = PBXFileReference; fileEncoding = 4; lastKnownFileType = sourcecode.c.objc; path = RBConfigViewController.m; sourceTree = "<group>"; };
		898132D818A78980004AEBE9 /* RBConfigViewControllerSpec.mm */ = {isa = PBXFileReference; fileEncoding = 4; lastKnownFileType = sourcecode.cpp.objcpp; path = RBConfigViewControllerSpec.mm; sourceTree = "<group>"; };
		898132DF18A78ABC004AEBE9 /* UIButton+buttonWithFrame.h */ = {isa = PBXFileReference; fileEncoding = 4; lastKnownFileType = sourcecode.c.h; path = "UIButton+buttonWithFrame.h"; sourceTree = "<group>"; };
		898132E018A78ABC004AEBE9 /* UIButton+buttonWithFrame.m */ = {isa = PBXFileReference; fileEncoding = 4; lastKnownFileType = sourcecode.c.objc; path = "UIButton+buttonWithFrame.m"; sourceTree = "<group>"; };
		898132E318A78B10004AEBE9 /* NSString+contains.h */ = {isa = PBXFileReference; fileEncoding = 4; lastKnownFileType = sourcecode.c.h; path = "NSString+contains.h"; sourceTree = "<group>"; };
		898132E418A78B10004AEBE9 /* NSString+contains.m */ = {isa = PBXFileReference; fileEncoding = 4; lastKnownFileType = sourcecode.c.objc; path = "NSString+contains.m"; sourceTree = "<group>"; };
		898132E718A86E0B004AEBE9 /* RBAppDelegateSpec.mm */ = {isa = PBXFileReference; fileEncoding = 4; lastKnownFileType = sourcecode.cpp.objcpp; path = RBAppDelegateSpec.mm; sourceTree = "<group>"; };
		898132EC18A89085004AEBE9 /* UIActionSheet+allButtonTitles.h */ = {isa = PBXFileReference; fileEncoding = 4; lastKnownFileType = sourcecode.c.h; path = "UIActionSheet+allButtonTitles.h"; sourceTree = "<group>"; };
		898132ED18A89085004AEBE9 /* UIActionSheet+allButtonTitles.m */ = {isa = PBXFileReference; fileEncoding = 4; lastKnownFileType = sourcecode.c.objc; path = "UIActionSheet+allButtonTitles.m"; sourceTree = "<group>"; };
		898132F618A99EDF004AEBE9 /* en */ = {isa = PBXFileReference; lastKnownFileType = text.plist.strings; name = en; path = Localizable.strings; sourceTree = "<group>"; };
		899B2A721898C8AD0008FED3 /* RBServerEditorViewControllerSpec.mm */ = {isa = PBXFileReference; fileEncoding = 4; lastKnownFileType = sourcecode.cpp.objcpp; path = RBServerEditorViewControllerSpec.mm; sourceTree = "<group>"; };
		899B2A95189913840008FED3 /* NSData+string.h */ = {isa = PBXFileReference; fileEncoding = 4; lastKnownFileType = sourcecode.c.h; path = "NSData+string.h"; sourceTree = "<group>"; };
		899B2A96189913840008FED3 /* NSData+string.m */ = {isa = PBXFileReference; fileEncoding = 4; lastKnownFileType = sourcecode.c.objc; path = "NSData+string.m"; sourceTree = "<group>"; };
		899B2A98189913840008FED3 /* NSStream+remoteHost.h */ = {isa = PBXFileReference; fileEncoding = 4; lastKnownFileType = sourcecode.c.h; path = "NSStream+remoteHost.h"; sourceTree = "<group>"; };
		899B2A99189913840008FED3 /* NSStream+remoteHost.m */ = {isa = PBXFileReference; fileEncoding = 4; lastKnownFileType = sourcecode.c.objc; path = "NSStream+remoteHost.m"; sourceTree = "<group>"; };
		899B2A9B189913840008FED3 /* NSString+isNilOrEmpty.h */ = {isa = PBXFileReference; fileEncoding = 4; lastKnownFileType = sourcecode.c.h; path = "NSString+isNilOrEmpty.h"; sourceTree = "<group>"; };
		899B2A9C189913840008FED3 /* NSString+isNilOrEmpty.m */ = {isa = PBXFileReference; fileEncoding = 4; lastKnownFileType = sourcecode.c.objc; path = "NSString+isNilOrEmpty.m"; sourceTree = "<group>"; };
		899B2A9D189913840008FED3 /* README.md */ = {isa = PBXFileReference; fileEncoding = 4; lastKnownFileType = text; path = README.md; sourceTree = "<group>"; };
		89A4579A18AE1DAF003454AC /* IRCNumericReplies.h */ = {isa = PBXFileReference; lastKnownFileType = sourcecode.c.h; path = IRCNumericReplies.h; sourceTree = "<group>"; };
		89B56B9C1932C0570079D259 /* en */ = {isa = PBXFileReference; lastKnownFileType = text.xml; name = en; path = Localizable.stringsdict; sourceTree = "<group>"; };
		89C46E45189600A9006068DC /* RBTextFieldServerCell.h */ = {isa = PBXFileReference; fileEncoding = 4; lastKnownFileType = sourcecode.c.h; path = RBTextFieldServerCell.h; sourceTree = "<group>"; };
		89C46E46189600A9006068DC /* RBTextFieldServerCell.m */ = {isa = PBXFileReference; fileEncoding = 4; lastKnownFileType = sourcecode.c.objc; path = RBTextFieldServerCell.m; sourceTree = "<group>"; };
		89C46E4818960C96006068DC /* reveal-icon.png */ = {isa = PBXFileReference; lastKnownFileType = image.png; path = "reveal-icon.png"; sourceTree = "<group>"; };
		89C46E4918960C96006068DC /* reveal-icon@2x.png */ = {isa = PBXFileReference; lastKnownFileType = image.png; path = "reveal-icon@2x.png"; sourceTree = "<group>"; };
		89D4B66318CFFC3600891116 /* RBNameViewController.h */ = {isa = PBXFileReference; fileEncoding = 4; lastKnownFileType = sourcecode.c.h; path = RBNameViewController.h; sourceTree = "<group>"; };
		89D4B66418CFFC3600891116 /* RBNameViewController.m */ = {isa = PBXFileReference; fileEncoding = 4; lastKnownFileType = sourcecode.c.objc; path = RBNameViewController.m; sourceTree = "<group>"; };
		89D4B66918CFFDAB00891116 /* RBNameViewControllerSpec.mm */ = {isa = PBXFileReference; fileEncoding = 4; lastKnownFileType = sourcecode.cpp.objcpp; path = RBNameViewControllerSpec.mm; sourceTree = "<group>"; };
		89D4C45A19108EB900E8E4C7 /* RBTextViewCell.h */ = {isa = PBXFileReference; fileEncoding = 4; lastKnownFileType = sourcecode.c.h; path = RBTextViewCell.h; sourceTree = "<group>"; };
		89D4C45B19108EB900E8E4C7 /* RBTextViewCell.m */ = {isa = PBXFileReference; fileEncoding = 4; lastKnownFileType = sourcecode.c.objc; path = RBTextViewCell.m; sourceTree = "<group>"; };
		89E812B218B8CB7400616600 /* RBScriptHelpers.h */ = {isa = PBXFileReference; fileEncoding = 4; lastKnownFileType = sourcecode.c.h; path = RBScriptHelpers.h; sourceTree = "<group>"; };
		89E812B318B8CB7400616600 /* RBScriptHelpers.m */ = {isa = PBXFileReference; fileEncoding = 4; lastKnownFileType = sourcecode.c.objc; path = RBScriptHelpers.m; sourceTree = "<group>"; };
		89E812B618B8E78800616600 /* RBColorScheme.h */ = {isa = PBXFileReference; fileEncoding = 4; lastKnownFileType = sourcecode.c.h; path = RBColorScheme.h; sourceTree = "<group>"; };
		89E812B718B8E78800616600 /* RBColorScheme.m */ = {isa = PBXFileReference; fileEncoding = 4; lastKnownFileType = sourcecode.c.objc; path = RBColorScheme.m; sourceTree = "<group>"; };
		89E812BA18B8EB9400616600 /* help.json */ = {isa = PBXFileReference; lastKnownFileType = text.json; path = help.json; sourceTree = "<group>"; };
		89E812BD18BA1B6A00616600 /* icon-iPad.png */ = {isa = PBXFileReference; lastKnownFileType = image.png; path = "icon-iPad.png"; sourceTree = SOURCE_ROOT; };
		89E812BE18BA1B6A00616600 /* icon-iPad@2x.png */ = {isa = PBXFileReference; lastKnownFileType = image.png; path = "icon-iPad@2x.png"; sourceTree = SOURCE_ROOT; };
		89E812BF18BA1B6A00616600 /* icon@2x.png */ = {isa = PBXFileReference; lastKnownFileType = image.png; path = "icon@2x.png"; sourceTree = SOURCE_ROOT; };
		89E812C618BB367300616600 /* Inconsolata.otf */ = {isa = PBXFileReference; lastKnownFileType = file; path = Inconsolata.otf; sourceTree = "<group>"; };
		89E812CA18BB530900616600 /* UIView+initWithSuperview.h */ = {isa = PBXFileReference; fileEncoding = 4; lastKnownFileType = sourcecode.c.h; name = "UIView+initWithSuperview.h"; path = "RBCategories/UIView/UIView+initWithSuperview.h"; sourceTree = SOURCE_ROOT; };
		89E812CB18BB530900616600 /* UIView+initWithSuperview.m */ = {isa = PBXFileReference; fileEncoding = 4; lastKnownFileType = sourcecode.c.objc; name = "UIView+initWithSuperview.m"; path = "RBCategories/UIView/UIView+initWithSuperview.m"; sourceTree = SOURCE_ROOT; };
		89E812D118BCE7CC00616600 /* UIButton+buttonWithTitle.h */ = {isa = PBXFileReference; fileEncoding = 4; lastKnownFileType = sourcecode.c.h; path = "UIButton+buttonWithTitle.h"; sourceTree = "<group>"; };
		89E812D218BCE7CC00616600 /* UIButton+buttonWithTitle.m */ = {isa = PBXFileReference; fileEncoding = 4; lastKnownFileType = sourcecode.c.objc; path = "UIButton+buttonWithTitle.m"; sourceTree = "<group>"; };
		89E812DD18BCF5FE00616600 /* NSObject+customProperty.h */ = {isa = PBXFileReference; fileEncoding = 4; lastKnownFileType = sourcecode.c.h; name = "NSObject+customProperty.h"; path = "NSObject/NSObject+customProperty.h"; sourceTree = "<group>"; };
		89E812DE18BCF5FE00616600 /* NSObject+customProperty.m */ = {isa = PBXFileReference; fileEncoding = 4; lastKnownFileType = sourcecode.c.objc; name = "NSObject+customProperty.m"; path = "NSObject/NSObject+customProperty.m"; sourceTree = "<group>"; };
		8EF815F09F37318A42C9E93F /* Pods-IRCClientSpecs.debug.xcconfig */ = {isa = PBXFileReference; includeInIndex = 1; lastKnownFileType = text.xcconfig; name = "Pods-IRCClientSpecs.debug.xcconfig"; path = "Pods/Target Support Files/Pods-IRCClientSpecs/Pods-IRCClientSpecs.debug.xcconfig"; sourceTree = "<group>"; };
		B0303489FD950FEF27754321 /* Pods-IRCClientSpecs.release.xcconfig */ = {isa = PBXFileReference; includeInIndex = 1; lastKnownFileType = text.xcconfig; name = "Pods-IRCClientSpecs.release.xcconfig"; path = "Pods/Target Support Files/Pods-IRCClientSpecs/Pods-IRCClientSpecs.release.xcconfig"; sourceTree = "<group>"; };
		F5EE041B9FC9111FE322F841 /* Pods.debug.xcconfig */ = {isa = PBXFileReference; includeInIndex = 1; lastKnownFileType = text.xcconfig; name = Pods.debug.xcconfig; path = "Pods/Target Support Files/Pods/Pods.debug.xcconfig"; sourceTree = "<group>"; };
/* End PBXFileReference section */

/* Begin PBXFrameworksBuildPhase section */
		8906F1C418867BEE00042A13 /* Frameworks */ = {
			isa = PBXFrameworksBuildPhase;
			buildActionMask = 2147483647;
			files = (
				8906F1FF18867F1F00042A13 /* CoreFoundation.framework in Frameworks */,
				8906F1FD18867DC200042A13 /* CFNetwork.framework in Frameworks */,
				8906F1CD18867BEE00042A13 /* CoreGraphics.framework in Frameworks */,
				8906F1CF18867BEE00042A13 /* UIKit.framework in Frameworks */,
				8906F1CB18867BEE00042A13 /* Foundation.framework in Frameworks */,
				893C332618C19BAD000279AA /* libPods.a in Frameworks */,
			);
			runOnlyForDeploymentPostprocessing = 0;
		};
		8906F1DF18867BEE00042A13 /* Frameworks */ = {
			isa = PBXFrameworksBuildPhase;
			buildActionMask = 2147483647;
			files = (
				8906F1E418867BEE00042A13 /* XCTest.framework in Frameworks */,
				8906F1E618867BEE00042A13 /* UIKit.framework in Frameworks */,
				8906F1E518867BEE00042A13 /* Foundation.framework in Frameworks */,
			);
			runOnlyForDeploymentPostprocessing = 0;
		};
		891B01DF189650DA00B2D848 /* Frameworks */ = {
			isa = PBXFrameworksBuildPhase;
			buildActionMask = 2147483647;
			files = (
				891B01E5189650DA00B2D848 /* CoreGraphics.framework in Frameworks */,
				891B01E3189650DA00B2D848 /* UIKit.framework in Frameworks */,
				891B01E4189650DA00B2D848 /* Foundation.framework in Frameworks */,
				445046ABB6EB4642B8948DFE /* libPods-IRCClientSpecs.a in Frameworks */,
			);
			runOnlyForDeploymentPostprocessing = 0;
		};
/* End PBXFrameworksBuildPhase section */

/* Begin PBXGroup section */
		4F07F648D7FB059D0B595150 /* Pods */ = {
			isa = PBXGroup;
			children = (
				F5EE041B9FC9111FE322F841 /* Pods.debug.xcconfig */,
				67B80146231C9EB2F120C548 /* Pods.release.xcconfig */,
				8EF815F09F37318A42C9E93F /* Pods-IRCClientSpecs.debug.xcconfig */,
				B0303489FD950FEF27754321 /* Pods-IRCClientSpecs.release.xcconfig */,
			);
			name = Pods;
			sourceTree = "<group>";
		};
		8906F1BE18867BEE00042A13 = {
			isa = PBXGroup;
			children = (
				8908DC7118B8B299004DFBAB /* RBHelp */,
				892D13981950990600671081 /* RSBColorPicker */,
				8908DBB318B5B39D004DFBAB /* UIDevice Categories */,
				899B2A93189913840008FED3 /* RBCategories */,
				8906F1D018867BEE00042A13 /* IRCClient */,
				891B01E6189650DA00B2D848 /* IRCClientSpecs */,
				8906F1C918867BEE00042A13 /* Frameworks */,
				8906F1C818867BEE00042A13 /* Products */,
				4F07F648D7FB059D0B595150 /* Pods */,
			);
			sourceTree = "<group>";
		};
		8906F1C818867BEE00042A13 /* Products */ = {
			isa = PBXGroup;
			children = (
				8906F1C718867BEE00042A13 /* rIRC.app */,
				8906F1E218867BEE00042A13 /* IRCClientTests.xctest */,
				891B01E2189650DA00B2D848 /* IRCClientSpecs.app */,
			);
			name = Products;
			sourceTree = "<group>";
		};
		8906F1C918867BEE00042A13 /* Frameworks */ = {
			isa = PBXGroup;
			children = (
				893C332518C19BAD000279AA /* libPods.a */,
				893C331F18C19879000279AA /* libPods-AFNetworking.a */,
				8906F1FE18867F1F00042A13 /* CoreFoundation.framework */,
				8906F1FC18867DC200042A13 /* CFNetwork.framework */,
				8906F1CA18867BEE00042A13 /* Foundation.framework */,
				8906F1CC18867BEE00042A13 /* CoreGraphics.framework */,
				8906F1CE18867BEE00042A13 /* UIKit.framework */,
				8906F1E318867BEE00042A13 /* XCTest.framework */,
				760C7BDD99964E4E8C71C3C7 /* libPods.a */,
				02E83F1310CE48ACBD3C16A1 /* libPods-IRCClientSpecs.a */,
			);
			name = Frameworks;
			sourceTree = "<group>";
		};
		8906F1D018867BEE00042A13 /* IRCClient */ = {
			isa = PBXGroup;
			children = (
				8906F1D918867BEE00042A13 /* RBAppDelegate.h */,
				8906F1DA18867BEE00042A13 /* RBAppDelegate.m */,
				898132D018A74F19004AEBE9 /* RBConfigurationKeys.h */,
				89E812B618B8E78800616600 /* RBColorScheme.h */,
				89E812B718B8E78800616600 /* RBColorScheme.m */,
				8908DC2618B61047004DFBAB /* Scripting */,
				89C46E431895F89A006068DC /* IRC Backend */,
				89C46E441895F8A2006068DC /* Views and Controllers */,
				8906F20F188799C000042A13 /* SWRevealViewController */,
				8906F1DC18867BEE00042A13 /* Images.xcassets */,
				89E812BE18BA1B6A00616600 /* icon-iPad@2x.png */,
				89E812BD18BA1B6A00616600 /* icon-iPad.png */,
				89E812BF18BA1B6A00616600 /* icon@2x.png */,
				8906F1D118867BEE00042A13 /* Supporting Files */,
			);
			path = IRCClient;
			sourceTree = "<group>";
		};
		8906F1D118867BEE00042A13 /* Supporting Files */ = {
			isa = PBXGroup;
			children = (
				898132F418A99EDF004AEBE9 /* en.lproj */,
				8906F1D218867BEE00042A13 /* IRCClient-Info.plist */,
				89E812C618BB367300616600 /* Inconsolata.otf */,
				8906F1D318867BEE00042A13 /* InfoPlist.strings */,
				89E812BA18B8EB9400616600 /* help.json */,
				8906F1D618867BEE00042A13 /* main.m */,
				8906F1D818867BEE00042A13 /* IRCClient-Prefix.pch */,
			);
			name = "Supporting Files";
			sourceTree = "<group>";
		};
		8906F20F188799C000042A13 /* SWRevealViewController */ = {
			isa = PBXGroup;
			children = (
				8906F210188799C000042A13 /* SWRevealViewController.h */,
				8906F211188799C000042A13 /* SWRevealViewController.m */,
				89C46E4818960C96006068DC /* reveal-icon.png */,
				89C46E4918960C96006068DC /* reveal-icon@2x.png */,
			);
			path = SWRevealViewController;
			sourceTree = "<group>";
		};
		8908DBB318B5B39D004DFBAB /* UIDevice Categories */ = {
			isa = PBXGroup;
			children = (
				8908DBC918B5B3E8004DFBAB /* wwanconnect.c */,
				8908DBCA18B5B3E8004DFBAB /* wwanconnect.h */,
				8908DBB618B5B3B1004DFBAB /* UIDevice-Hardware.h */,
				8908DBB718B5B3B1004DFBAB /* UIDevice-Hardware.m */,
				8908DBBA18B5B3B1004DFBAB /* UIDevice-Orientation.h */,
				8908DBBB18B5B3B1004DFBAB /* UIDevice-Orientation.m */,
				8908DBBC18B5B3B1004DFBAB /* UIDevice-Reachability.h */,
				8908DBBD18B5B3B1004DFBAB /* UIDevice-Reachability.m */,
				8908DBC818B5B3CC004DFBAB /* UIDevice+Categories.h */,
			);
			name = "UIDevice Categories";
			sourceTree = "<group>";
		};
		8908DC2618B61047004DFBAB /* Scripting */ = {
			isa = PBXGroup;
			children = (
				8908DC2718B6105F004DFBAB /* RBScript.h */,
				8908DC2818B6105F004DFBAB /* RBScript.m */,
				89E812B218B8CB7400616600 /* RBScriptHelpers.h */,
				89E812B318B8CB7400616600 /* RBScriptHelpers.m */,
				8905344818C9AEB4006DDA8B /* UIButton+serverButton.h */,
				8905344918C9AEB4006DDA8B /* UIButton+serverButton.m */,
				8908DC2B18B615EE004DFBAB /* RBScriptingService.h */,
				8908DC2C18B615EE004DFBAB /* RBScriptingService.m */,
			);
			name = Scripting;
			sourceTree = "<group>";
		};
		8908DC5C18B88856004DFBAB /* UITableView */ = {
			isa = PBXGroup;
			children = (
				8908DC5D18B88897004DFBAB /* UITableView+Scroll.h */,
				8908DC5E18B88897004DFBAB /* UITableView+Scroll.m */,
			);
			name = UITableView;
			sourceTree = "<group>";
		};
		8908DC7118B8B299004DFBAB /* RBHelp */ = {
			isa = PBXGroup;
			children = (
				8908DC7218B8B299004DFBAB /* RBHelp.h */,
				8908DC7318B8B299004DFBAB /* RBHelpArrayViewController.h */,
				8908DC7418B8B299004DFBAB /* RBHelpArrayViewController.m */,
				8908DC7518B8B299004DFBAB /* RBHelpTextViewController.h */,
				8908DC7618B8B299004DFBAB /* RBHelpTextViewController.m */,
				8908DC7718B8B299004DFBAB /* RBHelpTint.h */,
				8908DC7818B8B299004DFBAB /* RBHelpViewController.h */,
				8908DC7918B8B299004DFBAB /* RBHelpViewController.m */,
				8908DC7A18B8B299004DFBAB /* README.md */,
			);
			path = RBHelp;
			sourceTree = "<group>";
		};
		891B01E6189650DA00B2D848 /* IRCClientSpecs */ = {
			isa = PBXGroup;
			children = (
				891B01EF189650DA00B2D848 /* Rakefile */,
				898132E718A86E0B004AEBE9 /* RBAppDelegateSpec.mm */,
				891B02021896D3F400B2D848 /* RBIRCServerSpec.mm */,
				898132D118A77818004AEBE9 /* RBIRCChannelSpec.mm */,
				891B01F71896510000B2D848 /* RBIRCMessageSpec.mm */,
				8908DC3218B72F07004DFBAB /* RBScriptingServiceSpec.mm */,
				891B020918974A6200B2D848 /* RBChannelViewControllerSpec.mm */,
				891B020B1897700700B2D848 /* RBServerViewControllerSpec.mm */,
				899B2A721898C8AD0008FED3 /* RBServerEditorViewControllerSpec.mm */,
				89D4B66918CFFDAB00891116 /* RBNameViewControllerSpec.mm */,
				898132D818A78980004AEBE9 /* RBConfigViewControllerSpec.mm */,
				891B01E7189650DA00B2D848 /* Supporting Files */,
			);
			path = IRCClientSpecs;
			sourceTree = "<group>";
		};
		891B01E7189650DA00B2D848 /* Supporting Files */ = {
			isa = PBXGroup;
			children = (
				891B01E8189650DA00B2D848 /* IRCClientSpecs-Info.plist */,
				891B01E9189650DA00B2D848 /* InfoPlist.strings */,
				891B01EC189650DA00B2D848 /* main.m */,
				891B01EE189650DA00B2D848 /* IRCClientSpecs-Prefix.pch */,
			);
			name = "Supporting Files";
			sourceTree = "<group>";
		};
		892D13981950990600671081 /* RSBColorPicker */ = {
			isa = PBXGroup;
			children = (
				892D1394195098FF00671081 /* RSBColorPicker.h */,
				892D1395195098FF00671081 /* RSBColorPicker.m */,
			);
			name = RSBColorPicker;
			sourceTree = "<group>";
		};
		89592FFD19574C9100B1D84F /* Core Data */ = {
			isa = PBXGroup;
			children = (
				892D137C194FD2F500671081 /* Model.xcdatamodeld */,
				892D1380194FD4B000671081 /* Server.h */,
				892D1381194FD4B000671081 /* Server.m */,
				892D1384194FD4C100671081 /* Nick.h */,
				892D1385194FD4C100671081 /* Nick.m */,
				892D1388194FD4F200671081 /* RBDataManager.h */,
				892D1389194FD4F200671081 /* RBDataManager.m */,
			);
			name = "Core Data";
			sourceTree = "<group>";
		};
		895E588A19533A35003A56BB /* UINavigationBar */ = {
			isa = PBXGroup;
			children = (
				895E588519533A32003A56BB /* UINavigationBar+swipeToHide.h */,
				895E588619533A32003A56BB /* UINavigationBar+swipeToHide.m */,
			);
			name = UINavigationBar;
			sourceTree = "<group>";
		};
		896E474E192CCABC00024FF5 /* NSAttributedString */ = {
			isa = PBXGroup;
			children = (
				896E4749192CCAB700024FF5 /* NSAttributedString+containsAttributions.h */,
				896E474A192CCAB700024FF5 /* NSAttributedString+containsAttributions.m */,
				896E4758192F9BD500024FF5 /* NSAttributedString+attributes.h */,
				896E4759192F9BD500024FF5 /* NSAttributedString+attributes.m */,
			);
			name = NSAttributedString;
			sourceTree = "<group>";
		};
		896E4757192D845700024FF5 /* UIColor */ = {
			isa = PBXGroup;
			children = (
				896E474F192D7F6700024FF5 /* UIColor+colorWithHexString.h */,
				896E4750192D7F6700024FF5 /* UIColor+colorWithHexString.m */,
			);
			name = UIColor;
			sourceTree = "<group>";
		};
		898132D718A787E9004AEBE9 /* Config */ = {
			isa = PBXGroup;
			children = (
				898132D318A787D1004AEBE9 /* RBConfigViewController.h */,
				898132D418A787D1004AEBE9 /* RBConfigViewController.m */,
				892D138C195094FB00671081 /* RBNickColorPickerViewController.h */,
				892D138D195094FB00671081 /* RBNickColorPickerViewController.m */,
				892D1390195097F000671081 /* RBNickColorCell.h */,
				892D1391195097F000671081 /* RBNickColorCell.m */,
			);
			name = Config;
			sourceTree = "<group>";
		};
		898132DE18A78ABC004AEBE9 /* UIButton */ = {
			isa = PBXGroup;
			children = (
				898132DF18A78ABC004AEBE9 /* UIButton+buttonWithFrame.h */,
				898132E018A78ABC004AEBE9 /* UIButton+buttonWithFrame.m */,
				89E812D118BCE7CC00616600 /* UIButton+buttonWithTitle.h */,
				89E812D218BCE7CC00616600 /* UIButton+buttonWithTitle.m */,
			);
			path = UIButton;
			sourceTree = "<group>";
		};
		898132E918A89085004AEBE9 /* UIActionSheet */ = {
			isa = PBXGroup;
			children = (
				898132EC18A89085004AEBE9 /* UIActionSheet+allButtonTitles.h */,
				898132ED18A89085004AEBE9 /* UIActionSheet+allButtonTitles.m */,
			);
			path = UIActionSheet;
			sourceTree = "<group>";
		};
		898132F418A99EDF004AEBE9 /* en.lproj */ = {
			isa = PBXGroup;
			children = (
				898132F518A99EDF004AEBE9 /* Localizable.strings */,
				89B56B9B1932C0570079D259 /* Localizable.stringsdict */,
			);
			name = en.lproj;
			path = ../en.lproj;
			sourceTree = "<group>";
		};
		899B2A93189913840008FED3 /* RBCategories */ = {
			isa = PBXGroup;
			children = (
				89E812D518BCEBF400616600 /* NSObject */,
				89E812C918BB52E700616600 /* UIView */,
				8908DC5C18B88856004DFBAB /* UITableView */,
				898132E918A89085004AEBE9 /* UIActionSheet */,
				898132DE18A78ABC004AEBE9 /* UIButton */,
				896E4757192D845700024FF5 /* UIColor */,
				899B2A94189913840008FED3 /* NSData */,
				899B2A97189913840008FED3 /* NSStream */,
				899B2A9A189913840008FED3 /* NSString */,
				896E474E192CCABC00024FF5 /* NSAttributedString */,
				899B2A9D189913840008FED3 /* README.md */,
				895E588A19533A35003A56BB /* UINavigationBar */,
			);
			path = RBCategories;
			sourceTree = "<group>";
		};
		899B2A94189913840008FED3 /* NSData */ = {
			isa = PBXGroup;
			children = (
				899B2A95189913840008FED3 /* NSData+string.h */,
				899B2A96189913840008FED3 /* NSData+string.m */,
			);
			path = NSData;
			sourceTree = "<group>";
		};
		899B2A97189913840008FED3 /* NSStream */ = {
			isa = PBXGroup;
			children = (
				899B2A98189913840008FED3 /* NSStream+remoteHost.h */,
				899B2A99189913840008FED3 /* NSStream+remoteHost.m */,
				8905344218C93842006DDA8B /* NSString+ranges.h */,
				8905344318C93842006DDA8B /* NSString+ranges.m */,
			);
			path = NSStream;
			sourceTree = "<group>";
		};
		899B2A9A189913840008FED3 /* NSString */ = {
			isa = PBXGroup;
			children = (
				898132E318A78B10004AEBE9 /* NSString+contains.h */,
				898132E418A78B10004AEBE9 /* NSString+contains.m */,
				899B2A9B189913840008FED3 /* NSString+isNilOrEmpty.h */,
				899B2A9C189913840008FED3 /* NSString+isNilOrEmpty.m */,
				896E4753192D831D00024FF5 /* NSString+hexValue.h */,
				896E4754192D831D00024FF5 /* NSString+hexValue.m */,
			);
			path = NSString;
			sourceTree = "<group>";
		};
		89C46E431895F89A006068DC /* IRC Backend */ = {
			isa = PBXGroup;
			children = (
				8906F1F918867DA000042A13 /* RBIRCServer.h */,
				8906F1FA18867DA000042A13 /* RBIRCServer.m */,
				8906F20618878F1100042A13 /* RBIRCChannel.h */,
				8906F20718878F1100042A13 /* RBIRCChannel.m */,
				8906F20918878FAA00042A13 /* RBIRCMessage.h */,
				8906F20A18878FAA00042A13 /* RBIRCMessage.m */,
				89592FFD19574C9100B1D84F /* Core Data */,
				89A4579A18AE1DAF003454AC /* IRCNumericReplies.h */,
			);
			name = "IRC Backend";
			sourceTree = "<group>";
		};
		89C46E441895F8A2006068DC /* Views and Controllers */ = {
			isa = PBXGroup;
			children = (
				89C46E45189600A9006068DC /* RBTextFieldServerCell.h */,
				89C46E46189600A9006068DC /* RBTextFieldServerCell.m */,
				895E589019567A7C003A56BB /* RBServerCell.h */,
				895E589119567A7C003A56BB /* RBServerCell.m */,
				896BD17C1895D30100EC91EA /* RBServerViewController.h */,
				896BD17D1895D30100EC91EA /* RBServerViewController.m */,
				896BD1801895EDE100EC91EA /* RBServerEditorViewController.h */,
				896BD1811895EDE100EC91EA /* RBServerEditorViewController.m */,
				8906F2031887562600042A13 /* RBChannelViewController.h */,
				8906F2041887562600042A13 /* RBChannelViewController.m */,
				89D4C45A19108EB900E8E4C7 /* RBTextViewCell.h */,
				89D4C45B19108EB900E8E4C7 /* RBTextViewCell.m */,
				89D4B66318CFFC3600891116 /* RBNameViewController.h */,
				89D4B66418CFFC3600891116 /* RBNameViewController.m */,
				898132D718A787E9004AEBE9 /* Config */,
			);
			name = "Views and Controllers";
			sourceTree = "<group>";
		};
		89E812C918BB52E700616600 /* UIView */ = {
			isa = PBXGroup;
			children = (
				89E812CA18BB530900616600 /* UIView+initWithSuperview.h */,
				89E812CB18BB530900616600 /* UIView+initWithSuperview.m */,
			);
			name = UIView;
			path = NSString;
			sourceTree = "<group>";
		};
		89E812D518BCEBF400616600 /* NSObject */ = {
			isa = PBXGroup;
			children = (
				89E812DD18BCF5FE00616600 /* NSObject+customProperty.h */,
				89E812DE18BCF5FE00616600 /* NSObject+customProperty.m */,
			);
			name = NSObject;
			sourceTree = "<group>";
		};
/* End PBXGroup section */

/* Begin PBXNativeTarget section */
		8906F1C618867BEE00042A13 /* IRCClient */ = {
			isa = PBXNativeTarget;
			buildConfigurationList = 8906F1F318867BEE00042A13 /* Build configuration list for PBXNativeTarget "IRCClient" */;
			buildPhases = (
				D7FA4626809F4F1285E153D9 /* Check Pods Manifest.lock */,
				8906F1C318867BEE00042A13 /* Sources */,
				8906F1C418867BEE00042A13 /* Frameworks */,
				8906F1C518867BEE00042A13 /* Resources */,
				8908DBCD18B5F29C004DFBAB /* ShellScript */,
				193353F16BA24EE587670029 /* Copy Pods Resources */,
			);
			buildRules = (
			);
			dependencies = (
			);
			name = IRCClient;
			productName = IRCClient;
			productReference = 8906F1C718867BEE00042A13 /* rIRC.app */;
			productType = "com.apple.product-type.application";
		};
		8906F1E118867BEE00042A13 /* IRCClientTests */ = {
			isa = PBXNativeTarget;
			buildConfigurationList = 8906F1F618867BEE00042A13 /* Build configuration list for PBXNativeTarget "IRCClientTests" */;
			buildPhases = (
				8906F1DE18867BEE00042A13 /* Sources */,
				8906F1DF18867BEE00042A13 /* Frameworks */,
				8906F1E018867BEE00042A13 /* Resources */,
			);
			buildRules = (
			);
			dependencies = (
				8906F1E818867BEE00042A13 /* PBXTargetDependency */,
			);
			name = IRCClientTests;
			productName = IRCClientTests;
			productReference = 8906F1E218867BEE00042A13 /* IRCClientTests.xctest */;
			productType = "com.apple.product-type.bundle.unit-test";
		};
		891B01E1189650DA00B2D848 /* IRCClientSpecs */ = {
			isa = PBXNativeTarget;
			buildConfigurationList = 891B01F6189650DB00B2D848 /* Build configuration list for PBXNativeTarget "IRCClientSpecs" */;
			buildPhases = (
				D9972A9838694E8EBBBA36C7 /* Check Pods Manifest.lock */,
				891B01DE189650DA00B2D848 /* Sources */,
				891B01DF189650DA00B2D848 /* Frameworks */,
				891B01E0189650DA00B2D848 /* Resources */,
				C7FEECCBB4144699A9B6F470 /* Copy Pods Resources */,
			);
			buildRules = (
			);
			dependencies = (
			);
			name = IRCClientSpecs;
			productName = IRCClientSpecs;
			productReference = 891B01E2189650DA00B2D848 /* IRCClientSpecs.app */;
			productType = "com.apple.product-type.application";
		};
/* End PBXNativeTarget section */

/* Begin PBXProject section */
		8906F1BF18867BEE00042A13 /* Project object */ = {
			isa = PBXProject;
			attributes = {
				CLASSPREFIX = RB;
				LastUpgradeCheck = 0510;
				ORGANIZATIONNAME = "Rachel Brindle";
				TargetAttributes = {
					8906F1C618867BEE00042A13 = {
						DevelopmentTeam = 9D456YCUH2;
					};
					8906F1E118867BEE00042A13 = {
						TestTargetID = 891B01E1189650DA00B2D848;
					};
				};
			};
			buildConfigurationList = 8906F1C218867BEE00042A13 /* Build configuration list for PBXProject "IRCClient" */;
			compatibilityVersion = "Xcode 3.2";
			developmentRegion = English;
			hasScannedForEncodings = 0;
			knownRegions = (
				en,
			);
			mainGroup = 8906F1BE18867BEE00042A13;
			productRefGroup = 8906F1C818867BEE00042A13 /* Products */;
			projectDirPath = "";
			projectRoot = "";
			targets = (
				8906F1C618867BEE00042A13 /* IRCClient */,
				8906F1E118867BEE00042A13 /* IRCClientTests */,
				891B01E1189650DA00B2D848 /* IRCClientSpecs */,
			);
		};
/* End PBXProject section */

/* Begin PBXResourcesBuildPhase section */
		8906F1C518867BEE00042A13 /* Resources */ = {
			isa = PBXResourcesBuildPhase;
			buildActionMask = 2147483647;
			files = (
				89E812BC18B98A8000616600 /* help.json in Resources */,
				89E812C218BA1B6A00616600 /* icon-iPad@2x.png in Resources */,
				89C46E4B18960C96006068DC /* reveal-icon@2x.png in Resources */,
				898132F718A99EDF004AEBE9 /* Localizable.strings in Resources */,
				8906F1D518867BEE00042A13 /* InfoPlist.strings in Resources */,
				8906F1DD18867BEE00042A13 /* Images.xcassets in Resources */,
				89C46E4A18960C96006068DC /* reveal-icon.png in Resources */,
				89E812C418BA1B6A00616600 /* icon@2x.png in Resources */,
				89E812C018BA1B6A00616600 /* icon-iPad.png in Resources */,
				89E812C718BB367300616600 /* Inconsolata.otf in Resources */,
				8908DC8118B8B299004DFBAB /* README.md in Resources */,
				89B56B9D1932C0570079D259 /* Localizable.stringsdict in Resources */,
			);
			runOnlyForDeploymentPostprocessing = 0;
		};
		8906F1E018867BEE00042A13 /* Resources */ = {
			isa = PBXResourcesBuildPhase;
			buildActionMask = 2147483647;
			files = (
			);
			runOnlyForDeploymentPostprocessing = 0;
		};
		891B01E0189650DA00B2D848 /* Resources */ = {
			isa = PBXResourcesBuildPhase;
			buildActionMask = 2147483647;
			files = (
				89E812BB18B98A6200616600 /* help.json in Resources */,
				898132F818A99EDF004AEBE9 /* Localizable.strings in Resources */,
				891B01EB189650DA00B2D848 /* InfoPlist.strings in Resources */,
				89B56B9E1932C0570079D259 /* Localizable.stringsdict in Resources */,
				89E812C518BA1B6A00616600 /* icon@2x.png in Resources */,
				89E812C818BB367300616600 /* Inconsolata.otf in Resources */,
				8908DC8218B8B299004DFBAB /* README.md in Resources */,
				89E812C118BA1B6A00616600 /* icon-iPad.png in Resources */,
				89E812C318BA1B6A00616600 /* icon-iPad@2x.png in Resources */,
			);
			runOnlyForDeploymentPostprocessing = 0;
		};
/* End PBXResourcesBuildPhase section */

/* Begin PBXShellScriptBuildPhase section */
		193353F16BA24EE587670029 /* Copy Pods Resources */ = {
			isa = PBXShellScriptBuildPhase;
			buildActionMask = 2147483647;
			files = (
			);
			inputPaths = (
			);
			name = "Copy Pods Resources";
			outputPaths = (
			);
			runOnlyForDeploymentPostprocessing = 0;
			shellPath = /bin/sh;
			shellScript = "\"${SRCROOT}/Pods/Target Support Files/Pods/Pods-resources.sh\"\n";
			showEnvVarsInLog = 0;
		};
		8908DBCD18B5F29C004DFBAB /* ShellScript */ = {
			isa = PBXShellScriptBuildPhase;
			buildActionMask = 8;
			files = (
			);
			inputPaths = (
			);
			outputPaths = (
			);
			runOnlyForDeploymentPostprocessing = 1;
			shellPath = /bin/sh;
			shellScript = "# increment version number whenever it's archived.\nVERSIONNUM=$(/usr/libexec/PlistBuddy -c \"Print CFBundleShortVersionString\" \"${PROJECT_DIR}/${INFOPLIST_FILE}\")\nNEWSUBVERSION=`echo $VERSIONNUM | awk -F \".\" '{print $3}'`\nNEWSUBVERSION=$(($NEWSUBVERSION + 1))\nNEWVERSIONSTRING=`echo $VERSIONNUM | awk -F \".\" '{print $1 \".\" $2 \".'$NEWSUBVERSION'\" }'`\n/usr/libexec/PlistBuddy -c \"Set :CFBundleShortVersionString $NEWVERSIONSTRING\" \"${PROJECT_DIR}/${INFOPLIST_FILE}\"";
		};
		C7FEECCBB4144699A9B6F470 /* Copy Pods Resources */ = {
			isa = PBXShellScriptBuildPhase;
			buildActionMask = 2147483647;
			files = (
			);
			inputPaths = (
			);
			name = "Copy Pods Resources";
			outputPaths = (
			);
			runOnlyForDeploymentPostprocessing = 0;
			shellPath = /bin/sh;
			shellScript = "\"${SRCROOT}/Pods/Target Support Files/Pods-IRCClientSpecs/Pods-IRCClientSpecs-resources.sh\"\n";
			showEnvVarsInLog = 0;
		};
		D7FA4626809F4F1285E153D9 /* Check Pods Manifest.lock */ = {
			isa = PBXShellScriptBuildPhase;
			buildActionMask = 2147483647;
			files = (
			);
			inputPaths = (
			);
			name = "Check Pods Manifest.lock";
			outputPaths = (
			);
			runOnlyForDeploymentPostprocessing = 0;
			shellPath = /bin/sh;
			shellScript = "diff \"${PODS_ROOT}/../Podfile.lock\" \"${PODS_ROOT}/Manifest.lock\" > /dev/null\nif [[ $? != 0 ]] ; then\n    cat << EOM\nerror: The sandbox is not in sync with the Podfile.lock. Run 'pod install' or update your CocoaPods installation.\nEOM\n    exit 1\nfi\n";
			showEnvVarsInLog = 0;
		};
		D9972A9838694E8EBBBA36C7 /* Check Pods Manifest.lock */ = {
			isa = PBXShellScriptBuildPhase;
			buildActionMask = 2147483647;
			files = (
			);
			inputPaths = (
			);
			name = "Check Pods Manifest.lock";
			outputPaths = (
			);
			runOnlyForDeploymentPostprocessing = 0;
			shellPath = /bin/sh;
			shellScript = "diff \"${PODS_ROOT}/../Podfile.lock\" \"${PODS_ROOT}/Manifest.lock\" > /dev/null\nif [[ $? != 0 ]] ; then\n    cat << EOM\nerror: The sandbox is not in sync with the Podfile.lock. Run 'pod install' or update your CocoaPods installation.\nEOM\n    exit 1\nfi\n";
			showEnvVarsInLog = 0;
		};
/* End PBXShellScriptBuildPhase section */

/* Begin PBXSourcesBuildPhase section */
		8906F1C318867BEE00042A13 /* Sources */ = {
			isa = PBXSourcesBuildPhase;
			buildActionMask = 2147483647;
			files = (
				89E812D318BCE7CC00616600 /* UIButton+buttonWithTitle.m in Sources */,
				896E475A192F9BD500024FF5 /* NSAttributedString+attributes.m in Sources */,
				898132E518A78B10004AEBE9 /* NSString+contains.m in Sources */,
				898132E118A78ABC004AEBE9 /* UIButton+buttonWithFrame.m in Sources */,
				892D1392195097F000671081 /* RBNickColorCell.m in Sources */,
				892D1382194FD4B000671081 /* Server.m in Sources */,
				898132D518A787D1004AEBE9 /* RBConfigViewController.m in Sources */,
				8906F212188799C000042A13 /* SWRevealViewController.m in Sources */,
				8906F20818878F1100042A13 /* RBIRCChannel.m in Sources */,
				89D4C45C19108EB900E8E4C7 /* RBTextViewCell.m in Sources */,
				892D137E194FD2F500671081 /* Model.xcdatamodeld in Sources */,
				896E474B192CCAB700024FF5 /* NSAttributedString+containsAttributions.m in Sources */,
				892D138A194FD4F200671081 /* RBDataManager.m in Sources */,
				8905344418C93842006DDA8B /* NSString+ranges.m in Sources */,
				896E4751192D7F6700024FF5 /* UIColor+colorWithHexString.m in Sources */,
				89C46E47189600A9006068DC /* RBTextFieldServerCell.m in Sources */,
				8905344A18C9AEB4006DDA8B /* UIButton+serverButton.m in Sources */,
				8908DC7D18B8B299004DFBAB /* RBHelpTextViewController.m in Sources */,
				8906F2051887562600042A13 /* RBChannelViewController.m in Sources */,
				8906F20B18878FAA00042A13 /* RBIRCMessage.m in Sources */,
				89E812B818B8E78800616600 /* RBColorScheme.m in Sources */,
				896BD1821895EDE100EC91EA /* RBServerEditorViewController.m in Sources */,
				895E588719533A32003A56BB /* UINavigationBar+swipeToHide.m in Sources */,
				89E812CC18BB530900616600 /* UIView+initWithSuperview.m in Sources */,
				8908DC5F18B88897004DFBAB /* UITableView+Scroll.m in Sources */,
				8906F1DB18867BEE00042A13 /* RBAppDelegate.m in Sources */,
				895E589219567A7C003A56BB /* RBServerCell.m in Sources */,
				8908DC7F18B8B299004DFBAB /* RBHelpViewController.m in Sources */,
				8908DC2918B6105F004DFBAB /* RBScript.m in Sources */,
				899B2AA2189913840008FED3 /* NSString+isNilOrEmpty.m in Sources */,
				892D1386194FD4C100671081 /* Nick.m in Sources */,
				8908DBC618B5B3B1004DFBAB /* UIDevice-Reachability.m in Sources */,
				8908DBC018B5B3B1004DFBAB /* UIDevice-Hardware.m in Sources */,
				8908DBCB18B5B3E8004DFBAB /* wwanconnect.c in Sources */,
				8908DC2D18B615EE004DFBAB /* RBScriptingService.m in Sources */,
				89D4B66518CFFC3600891116 /* RBNameViewController.m in Sources */,
				8908DC7B18B8B299004DFBAB /* RBHelpArrayViewController.m in Sources */,
				89E812B418B8CB7400616600 /* RBScriptHelpers.m in Sources */,
				892D138E195094FB00671081 /* RBNickColorPickerViewController.m in Sources */,
				896BD17E1895D30100EC91EA /* RBServerViewController.m in Sources */,
				89E812DF18BCF5FE00616600 /* NSObject+customProperty.m in Sources */,
				892D1396195098FF00671081 /* RSBColorPicker.m in Sources */,
				899B2A9E189913840008FED3 /* NSData+string.m in Sources */,
				8906F1D718867BEE00042A13 /* main.m in Sources */,
				8908DBC418B5B3B1004DFBAB /* UIDevice-Orientation.m in Sources */,
				896E4755192D831D00024FF5 /* NSString+hexValue.m in Sources */,
				899B2AA0189913840008FED3 /* NSStream+remoteHost.m in Sources */,
				898132F218A89085004AEBE9 /* UIActionSheet+allButtonTitles.m in Sources */,
				8906F1FB18867DA000042A13 /* RBIRCServer.m in Sources */,
			);
			runOnlyForDeploymentPostprocessing = 0;
		};
		8906F1DE18867BEE00042A13 /* Sources */ = {
			isa = PBXSourcesBuildPhase;
			buildActionMask = 2147483647;
			files = (
			);
			runOnlyForDeploymentPostprocessing = 0;
		};
		891B01DE189650DA00B2D848 /* Sources */ = {
			isa = PBXSourcesBuildPhase;
			buildActionMask = 2147483647;
			files = (
				89E812D418BCE7CC00616600 /* UIButton+buttonWithTitle.m in Sources */,
				892D137F194FD2F500671081 /* Model.xcdatamodeld in Sources */,
				891B01F91896546C00B2D848 /* RBAppDelegate.m in Sources */,
				896E4756192D831D00024FF5 /* NSString+hexValue.m in Sources */,
				892D1393195097F000671081 /* RBNickColorCell.m in Sources */,
				8908DC7C18B8B299004DFBAB /* RBHelpArrayViewController.m in Sources */,
				891B01FA1896546C00B2D848 /* RBIRCServer.m in Sources */,
				8908DBC718B5B3B1004DFBAB /* UIDevice-Reachability.m in Sources */,
				895E589319567A7C003A56BB /* RBServerCell.m in Sources */,
				899B2AA3189913840008FED3 /* NSString+isNilOrEmpty.m in Sources */,
				898132E618A78B10004AEBE9 /* NSString+contains.m in Sources */,
				891B01FB1896546C00B2D848 /* RBIRCChannel.m in Sources */,
				892D138B194FD4F200671081 /* RBDataManager.m in Sources */,
				89E812CD18BB530900616600 /* UIView+initWithSuperview.m in Sources */,
				89D4B66618CFFC3600891116 /* RBNameViewController.m in Sources */,
				895E588819533A32003A56BB /* UINavigationBar+swipeToHide.m in Sources */,
				8908DC2E18B615EE004DFBAB /* RBScriptingService.m in Sources */,
				8908DC3318B72F08004DFBAB /* RBScriptingServiceSpec.mm in Sources */,
				89E812B918B8E78800616600 /* RBColorScheme.m in Sources */,
				891B020C1897700700B2D848 /* RBServerViewControllerSpec.mm in Sources */,
				8908DBC118B5B3B1004DFBAB /* UIDevice-Hardware.m in Sources */,
				892D1397195098FF00671081 /* RSBColorPicker.m in Sources */,
				891B01FC1896546C00B2D848 /* RBIRCMessage.m in Sources */,
				89E812E018BCF5FE00616600 /* NSObject+customProperty.m in Sources */,
				891B01FD1896546C00B2D848 /* RBTextFieldServerCell.m in Sources */,
				898132D218A77818004AEBE9 /* RBIRCChannelSpec.mm in Sources */,
				8905344518C93842006DDA8B /* NSString+ranges.m in Sources */,
				89D4B66B18CFFDAB00891116 /* RBNameViewControllerSpec.mm in Sources */,
				892D138F195094FB00671081 /* RBNickColorPickerViewController.m in Sources */,
				8908DC6018B88897004DFBAB /* UITableView+Scroll.m in Sources */,
				891B020A18974A6200B2D848 /* RBChannelViewControllerSpec.mm in Sources */,
				8908DC8018B8B299004DFBAB /* RBHelpViewController.m in Sources */,
				899B2A9F189913840008FED3 /* NSData+string.m in Sources */,
				898132E818A86E0C004AEBE9 /* RBAppDelegateSpec.mm in Sources */,
				891B01FE1896546C00B2D848 /* RBServerViewController.m in Sources */,
				896E4752192D7F6700024FF5 /* UIColor+colorWithHexString.m in Sources */,
				891B02031896D3F400B2D848 /* RBIRCServerSpec.mm in Sources */,
				892D1383194FD4B000671081 /* Server.m in Sources */,
				891B01FF1896546C00B2D848 /* RBServerEditorViewController.m in Sources */,
				891B02001896546C00B2D848 /* RBChannelViewController.m in Sources */,
				8908DC7E18B8B299004DFBAB /* RBHelpTextViewController.m in Sources */,
				89E812B518B8CB7400616600 /* RBScriptHelpers.m in Sources */,
				8908DC2A18B6105F004DFBAB /* RBScript.m in Sources */,
				898132F318A89085004AEBE9 /* UIActionSheet+allButtonTitles.m in Sources */,
				891B02011896546C00B2D848 /* SWRevealViewController.m in Sources */,
				8908DBCC18B5B3E8004DFBAB /* wwanconnect.c in Sources */,
				891B01F81896510000B2D848 /* RBIRCMessageSpec.mm in Sources */,
				8908DBC518B5B3B1004DFBAB /* UIDevice-Orientation.m in Sources */,
				891B01ED189650DA00B2D848 /* main.m in Sources */,
				899B2AA1189913840008FED3 /* NSStream+remoteHost.m in Sources */,
				898132D618A787D1004AEBE9 /* RBConfigViewController.m in Sources */,
				898132D918A78980004AEBE9 /* RBConfigViewControllerSpec.mm in Sources */,
				892D1387194FD4C100671081 /* Nick.m in Sources */,
				896E475B192F9BD500024FF5 /* NSAttributedString+attributes.m in Sources */,
				898132E218A78ABC004AEBE9 /* UIButton+buttonWithFrame.m in Sources */,
				89D4C45D19108EB900E8E4C7 /* RBTextViewCell.m in Sources */,
				8905344B18C9AEB4006DDA8B /* UIButton+serverButton.m in Sources */,
				899B2A731898C8AD0008FED3 /* RBServerEditorViewControllerSpec.mm in Sources */,
				896E474C192CCAB700024FF5 /* NSAttributedString+containsAttributions.m in Sources */,
			);
			runOnlyForDeploymentPostprocessing = 0;
		};
/* End PBXSourcesBuildPhase section */

/* Begin PBXTargetDependency section */
		8906F1E818867BEE00042A13 /* PBXTargetDependency */ = {
			isa = PBXTargetDependency;
			target = 8906F1C618867BEE00042A13 /* IRCClient */;
			targetProxy = 8906F1E718867BEE00042A13 /* PBXContainerItemProxy */;
		};
/* End PBXTargetDependency section */

/* Begin PBXVariantGroup section */
		8906F1D318867BEE00042A13 /* InfoPlist.strings */ = {
			isa = PBXVariantGroup;
			children = (
				8906F1D418867BEE00042A13 /* en */,
			);
			name = InfoPlist.strings;
			sourceTree = "<group>";
		};
		891B01E9189650DA00B2D848 /* InfoPlist.strings */ = {
			isa = PBXVariantGroup;
			children = (
				891B01EA189650DA00B2D848 /* en */,
			);
			name = InfoPlist.strings;
			sourceTree = "<group>";
		};
		898132F518A99EDF004AEBE9 /* Localizable.strings */ = {
			isa = PBXVariantGroup;
			children = (
				898132F618A99EDF004AEBE9 /* en */,
			);
			name = Localizable.strings;
			sourceTree = "<group>";
		};
		89B56B9B1932C0570079D259 /* Localizable.stringsdict */ = {
			isa = PBXVariantGroup;
			children = (
				89B56B9C1932C0570079D259 /* en */,
			);
			name = Localizable.stringsdict;
			sourceTree = "<group>";
		};
/* End PBXVariantGroup section */

/* Begin XCBuildConfiguration section */
		8906F1F118867BEE00042A13 /* Debug */ = {
			isa = XCBuildConfiguration;
			buildSettings = {
				ALWAYS_SEARCH_USER_PATHS = NO;
				CLANG_CXX_LANGUAGE_STANDARD = "gnu++0x";
				CLANG_CXX_LIBRARY = "libc++";
				CLANG_ENABLE_MODULES = YES;
				CLANG_ENABLE_OBJC_ARC = YES;
				CLANG_WARN_BOOL_CONVERSION = YES;
				CLANG_WARN_CONSTANT_CONVERSION = YES;
				CLANG_WARN_DIRECT_OBJC_ISA_USAGE = YES_ERROR;
				CLANG_WARN_EMPTY_BODY = YES;
				CLANG_WARN_ENUM_CONVERSION = YES;
				CLANG_WARN_INT_CONVERSION = YES;
				CLANG_WARN_OBJC_ROOT_CLASS = YES_ERROR;
				CLANG_WARN__DUPLICATE_METHOD_MATCH = YES;
				"CODE_SIGN_IDENTITY[sdk=iphoneos*]" = "iPhone Developer";
				COPY_PHASE_STRIP = NO;
				GCC_C_LANGUAGE_STANDARD = gnu99;
				GCC_DYNAMIC_NO_PIC = NO;
				GCC_OPTIMIZATION_LEVEL = 0;
				GCC_PREPROCESSOR_DEFINITIONS = (
					"DEBUG=1",
					"$(inherited)",
				);
				GCC_SYMBOLS_PRIVATE_EXTERN = NO;
				GCC_WARN_64_TO_32_BIT_CONVERSION = YES;
				GCC_WARN_ABOUT_RETURN_TYPE = YES_ERROR;
				GCC_WARN_UNDECLARED_SELECTOR = YES;
				GCC_WARN_UNINITIALIZED_AUTOS = YES;
				GCC_WARN_UNUSED_FUNCTION = YES;
				GCC_WARN_UNUSED_VARIABLE = YES;
				IPHONEOS_DEPLOYMENT_TARGET = 7.0;
				ONLY_ACTIVE_ARCH = YES;
				SDKROOT = iphoneos;
			};
			name = Debug;
		};
		8906F1F218867BEE00042A13 /* Release */ = {
			isa = XCBuildConfiguration;
			buildSettings = {
				ALWAYS_SEARCH_USER_PATHS = NO;
				CLANG_CXX_LANGUAGE_STANDARD = "gnu++0x";
				CLANG_CXX_LIBRARY = "libc++";
				CLANG_ENABLE_MODULES = YES;
				CLANG_ENABLE_OBJC_ARC = YES;
				CLANG_WARN_BOOL_CONVERSION = YES;
				CLANG_WARN_CONSTANT_CONVERSION = YES;
				CLANG_WARN_DIRECT_OBJC_ISA_USAGE = YES_ERROR;
				CLANG_WARN_EMPTY_BODY = YES;
				CLANG_WARN_ENUM_CONVERSION = YES;
				CLANG_WARN_INT_CONVERSION = YES;
				CLANG_WARN_OBJC_ROOT_CLASS = YES_ERROR;
				CLANG_WARN__DUPLICATE_METHOD_MATCH = YES;
				"CODE_SIGN_IDENTITY[sdk=iphoneos*]" = "iPhone Developer";
				COPY_PHASE_STRIP = YES;
				ENABLE_NS_ASSERTIONS = NO;
				GCC_C_LANGUAGE_STANDARD = gnu99;
				GCC_WARN_64_TO_32_BIT_CONVERSION = YES;
				GCC_WARN_ABOUT_RETURN_TYPE = YES_ERROR;
				GCC_WARN_UNDECLARED_SELECTOR = YES;
				GCC_WARN_UNINITIALIZED_AUTOS = YES;
				GCC_WARN_UNUSED_FUNCTION = YES;
				GCC_WARN_UNUSED_VARIABLE = YES;
				IPHONEOS_DEPLOYMENT_TARGET = 7.0;
				SDKROOT = iphoneos;
				VALIDATE_PRODUCT = YES;
			};
			name = Release;
		};
		8906F1F418867BEE00042A13 /* Debug */ = {
			isa = XCBuildConfiguration;
			baseConfigurationReference = F5EE041B9FC9111FE322F841 /* Pods.debug.xcconfig */;
			buildSettings = {
				ALWAYS_SEARCH_USER_PATHS = YES;
				ASSETCATALOG_COMPILER_APPICON_NAME = AppIcon;
				ASSETCATALOG_COMPILER_LAUNCHIMAGE_NAME = LaunchImage;
				CODE_SIGN_IDENTITY = "iPhone Developer";
				"CODE_SIGN_IDENTITY[sdk=iphoneos*]" = "iPhone Developer";
				GCC_PRECOMPILE_PREFIX_HEADER = YES;
				GCC_PREFIX_HEADER = "IRCClient/IRCClient-Prefix.pch";
				INFOPLIST_FILE = "IRCClient/IRCClient-Info.plist";
				IPHONEOS_DEPLOYMENT_TARGET = 7.0;
				LIBRARY_SEARCH_PATHS = (
					"$(inherited)",
					"$(USER_LIBRARY_DIR)/Developer/Xcode/DerivedData/IRCClient-auvglgloctmuwhedkfhawzjzjzna/Build/Products/Debug",
				);
				PRODUCT_NAME = rIRC;
				PROVISIONING_PROFILE = "";
				TARGETED_DEVICE_FAMILY = "1,2";
				USER_HEADER_SEARCH_PATHS = "$(SRCROOT)/libffi/darwin_common/include/ $(SRCROOT)/libffi/**";
				WRAPPER_EXTENSION = app;
			};
			name = Debug;
		};
		8906F1F518867BEE00042A13 /* Release */ = {
			isa = XCBuildConfiguration;
			baseConfigurationReference = 67B80146231C9EB2F120C548 /* Pods.release.xcconfig */;
			buildSettings = {
				ALWAYS_SEARCH_USER_PATHS = YES;
				ASSETCATALOG_COMPILER_APPICON_NAME = AppIcon;
				ASSETCATALOG_COMPILER_LAUNCHIMAGE_NAME = LaunchImage;
				CODE_SIGN_IDENTITY = "iPhone Developer";
				"CODE_SIGN_IDENTITY[sdk=iphoneos*]" = "iPhone Developer";
				GCC_PRECOMPILE_PREFIX_HEADER = YES;
				GCC_PREFIX_HEADER = "IRCClient/IRCClient-Prefix.pch";
				INFOPLIST_FILE = "IRCClient/IRCClient-Info.plist";
				IPHONEOS_DEPLOYMENT_TARGET = 7.0;
				LIBRARY_SEARCH_PATHS = (
					"$(inherited)",
					"$(USER_LIBRARY_DIR)/Developer/Xcode/DerivedData/IRCClient-auvglgloctmuwhedkfhawzjzjzna/Build/Products/Debug",
				);
				PRODUCT_NAME = rIRC;
				PROVISIONING_PROFILE = "";
				TARGETED_DEVICE_FAMILY = "1,2";
				USER_HEADER_SEARCH_PATHS = "$(SRCROOT)/libffi/darwin_common/include/ $(SRCROOT)/libffi/**";
				WRAPPER_EXTENSION = app;
			};
			name = Release;
		};
		8906F1F718867BEE00042A13 /* Debug */ = {
			isa = XCBuildConfiguration;
			buildSettings = {
				BUNDLE_LOADER = "$(BUILT_PRODUCTS_DIR)/IRCClientSpecs.app/IRCClientSpecs";
				FRAMEWORK_SEARCH_PATHS = (
					"$(SDKROOT)/Developer/Library/Frameworks",
					"$(inherited)",
					"$(DEVELOPER_FRAMEWORKS_DIR)",
				);
				GCC_PRECOMPILE_PREFIX_HEADER = YES;
				GCC_PREFIX_HEADER = "IRCClient/IRCClient-Prefix.pch";
				GCC_PREPROCESSOR_DEFINITIONS = (
					"DEBUG=1",
					"$(inherited)",
				);
				INFOPLIST_FILE = "IRCClientTests/IRCClientTests-Info.plist";
				PRODUCT_NAME = "$(TARGET_NAME)";
				TEST_HOST = "$(BUNDLE_LOADER)";
				WRAPPER_EXTENSION = xctest;
			};
			name = Debug;
		};
		8906F1F818867BEE00042A13 /* Release */ = {
			isa = XCBuildConfiguration;
			buildSettings = {
				BUNDLE_LOADER = "$(BUILT_PRODUCTS_DIR)/IRCClientSpecs.app/IRCClientSpecs";
				FRAMEWORK_SEARCH_PATHS = (
					"$(SDKROOT)/Developer/Library/Frameworks",
					"$(inherited)",
					"$(DEVELOPER_FRAMEWORKS_DIR)",
				);
				GCC_PRECOMPILE_PREFIX_HEADER = YES;
				GCC_PREFIX_HEADER = "IRCClient/IRCClient-Prefix.pch";
				INFOPLIST_FILE = "IRCClientTests/IRCClientTests-Info.plist";
				PRODUCT_NAME = "$(TARGET_NAME)";
				TEST_HOST = "$(BUNDLE_LOADER)";
				WRAPPER_EXTENSION = xctest;
			};
			name = Release;
		};
		891B01F4189650DB00B2D848 /* Debug */ = {
			isa = XCBuildConfiguration;
			baseConfigurationReference = 8EF815F09F37318A42C9E93F /* Pods-IRCClientSpecs.debug.xcconfig */;
			buildSettings = {
				ALWAYS_SEARCH_USER_PATHS = YES;
				"CODE_SIGN_IDENTITY[sdk=iphoneos*]" = "iPhone Developer";
				FRAMEWORK_SEARCH_PATHS = (
					"$(inherited)",
					/Users/you/Desktop/dev/IRCClient/IRCClientSpecs/Frameworks,
					"$(PROJECT_DIR)/IRCClientSpecs",
					"$(PROJECT_DIR)/IRCClientSpecs/Frameworks",
					"$(PODS_ROOT)/**",
				);
				GCC_C_LANGUAGE_STANDARD = gnu99;
				GCC_PRECOMPILE_PREFIX_HEADER = YES;
				GCC_PREFIX_HEADER = "IRCClientSpecs/IRCClientSpecs-Prefix.pch";
				GCC_PREPROCESSOR_DEFINITIONS = (
					"DEBUG=1",
					"$(inherited)",
				);
				HEADER_SEARCH_PATHS = (
					"$(inherited)",
					/Applications/Xcode.app/Contents/Developer/Toolchains/OSX10.8.xctoolchain/usr/include,
				);
				INFOPLIST_FILE = "IRCClientSpecs/IRCClientSpecs-Info.plist";
				IPHONEOS_DEPLOYMENT_TARGET = 7.0;
				OTHER_LDFLAGS = (
					"-ObjC",
					"-all_load",
					"-lstdc++",
				);
				PODS_ROOT = "${SRCROOT}/Pods";
				PRODUCT_NAME = "$(TARGET_NAME)";
				TARGETED_DEVICE_FAMILY = "1,2";
				USER_HEADER_SEARCH_PATHS = "$(SRCROOT)/**";
				WRAPPER_EXTENSION = app;
			};
			name = Debug;
		};
		891B01F5189650DB00B2D848 /* Release */ = {
			isa = XCBuildConfiguration;
			baseConfigurationReference = B0303489FD950FEF27754321 /* Pods-IRCClientSpecs.release.xcconfig */;
			buildSettings = {
				ALWAYS_SEARCH_USER_PATHS = YES;
				"CODE_SIGN_IDENTITY[sdk=iphoneos*]" = "iPhone Developer";
				FRAMEWORK_SEARCH_PATHS = (
					"$(inherited)",
					/Users/you/Desktop/dev/IRCClient/IRCClientSpecs/Frameworks,
					"$(PROJECT_DIR)/IRCClientSpecs",
					"$(PROJECT_DIR)/IRCClientSpecs/Frameworks",
					"$(PODS_ROOT)/**",
				);
				GCC_C_LANGUAGE_STANDARD = gnu99;
				GCC_PRECOMPILE_PREFIX_HEADER = YES;
				GCC_PREFIX_HEADER = "IRCClientSpecs/IRCClientSpecs-Prefix.pch";
				HEADER_SEARCH_PATHS = (
					"$(inherited)",
					/Applications/Xcode.app/Contents/Developer/Toolchains/OSX10.8.xctoolchain/usr/include,
				);
				INFOPLIST_FILE = "IRCClientSpecs/IRCClientSpecs-Info.plist";
				IPHONEOS_DEPLOYMENT_TARGET = 7.0;
				OTHER_CFLAGS = "-DNS_BLOCK_ASSERTIONS=1";
				OTHER_LDFLAGS = (
					"-ObjC",
					"-all_load",
					"-lstdc++",
				);
				PODS_ROOT = "${SRCROOT}/Pods";
				PRODUCT_NAME = "$(TARGET_NAME)";
				TARGETED_DEVICE_FAMILY = "1,2";
				USER_HEADER_SEARCH_PATHS = "$(SRCROOT)/**";
				WRAPPER_EXTENSION = app;
			};
			name = Release;
		};
/* End XCBuildConfiguration section */

/* Begin XCConfigurationList section */
		8906F1C218867BEE00042A13 /* Build configuration list for PBXProject "IRCClient" */ = {
			isa = XCConfigurationList;
			buildConfigurations = (
				8906F1F118867BEE00042A13 /* Debug */,
				8906F1F218867BEE00042A13 /* Release */,
			);
			defaultConfigurationIsVisible = 0;
			defaultConfigurationName = Release;
		};
		8906F1F318867BEE00042A13 /* Build configuration list for PBXNativeTarget "IRCClient" */ = {
			isa = XCConfigurationList;
			buildConfigurations = (
				8906F1F418867BEE00042A13 /* Debug */,
				8906F1F518867BEE00042A13 /* Release */,
			);
			defaultConfigurationIsVisible = 0;
			defaultConfigurationName = Release;
		};
		8906F1F618867BEE00042A13 /* Build configuration list for PBXNativeTarget "IRCClientTests" */ = {
			isa = XCConfigurationList;
			buildConfigurations = (
				8906F1F718867BEE00042A13 /* Debug */,
				8906F1F818867BEE00042A13 /* Release */,
			);
			defaultConfigurationIsVisible = 0;
			defaultConfigurationName = Release;
		};
		891B01F6189650DB00B2D848 /* Build configuration list for PBXNativeTarget "IRCClientSpecs" */ = {
			isa = XCConfigurationList;
			buildConfigurations = (
				891B01F4189650DB00B2D848 /* Debug */,
				891B01F5189650DB00B2D848 /* Release */,
			);
			defaultConfigurationIsVisible = 0;
			defaultConfigurationName = Release;
		};
/* End XCConfigurationList section */

/* Begin XCVersionGroup section */
		892D137C194FD2F500671081 /* Model.xcdatamodeld */ = {
			isa = XCVersionGroup;
			children = (
				892D137D194FD2F500671081 /* Model.xcdatamodel */,
			);
			currentVersion = 892D137D194FD2F500671081 /* Model.xcdatamodel */;
			path = Model.xcdatamodeld;
			sourceTree = "<group>";
			versionGroupType = wrapper.xcdatamodel;
		};
/* End XCVersionGroup section */
	};
	rootObject = 8906F1BF18867BEE00042A13 /* Project object */;
}
